// !$*UTF8*$!
{
	archiveVersion = 1;
	classes = {
	};
	objectVersion = 77;
	objects = {

/* Begin PBXBuildFile section */
		01EF9C3F2D8D5E9A00508352 /* CoreLocation.framework in Frameworks */ = {isa = PBXBuildFile; fileRef = 01EF9C3E2D8D5E9A00508352 /* CoreLocation.framework */; };
/* End PBXBuildFile section */

/* Begin PBXContainerItemProxy section */
		01EF9C202D8D5E4A00508352 /* PBXContainerItemProxy */ = {
			isa = PBXContainerItemProxy;
			containerPortal = 01EF9C012D8D5E4900508352 /* Project object */;
			proxyType = 1;
			remoteGlobalIDString = 01EF9C082D8D5E4900508352;
			remoteInfo = core_location_demo;
		};
		01EF9C2A2D8D5E4A00508352 /* PBXContainerItemProxy */ = {
			isa = PBXContainerItemProxy;
			containerPortal = 01EF9C012D8D5E4900508352 /* Project object */;
			proxyType = 1;
			remoteGlobalIDString = 01EF9C082D8D5E4900508352;
			remoteInfo = core_location_demo;
		};
/* End PBXContainerItemProxy section */

/* Begin PBXFileReference section */
		01EF9C092D8D5E4900508352 /* core_location_demo.app */ = {isa = PBXFileReference; explicitFileType = wrapper.application; includeInIndex = 0; path = core_location_demo.app; sourceTree = BUILT_PRODUCTS_DIR; };
		01EF9C1F2D8D5E4A00508352 /* core_location_demoTests.xctest */ = {isa = PBXFileReference; explicitFileType = wrapper.cfbundle; includeInIndex = 0; path = core_location_demoTests.xctest; sourceTree = BUILT_PRODUCTS_DIR; };
		01EF9C292D8D5E4A00508352 /* core_location_demoUITests.xctest */ = {isa = PBXFileReference; explicitFileType = wrapper.cfbundle; includeInIndex = 0; path = core_location_demoUITests.xctest; sourceTree = BUILT_PRODUCTS_DIR; };
		01EF9C3E2D8D5E9A00508352 /* CoreLocation.framework */ = {isa = PBXFileReference; lastKnownFileType = wrapper.framework; name = CoreLocation.framework; path = System/Library/Frameworks/CoreLocation.framework; sourceTree = SDKROOT; };
/* End PBXFileReference section */

/* Begin PBXFileSystemSynchronizedBuildFileExceptionSet section */
		01EF9C312D8D5E4A00508352 /* Exceptions for "core_location_demo" folder in "core_location_demo" target */ = {
			isa = PBXFileSystemSynchronizedBuildFileExceptionSet;
			membershipExceptions = (
				Info.plist,
			);
			target = 01EF9C082D8D5E4900508352 /* core_location_demo */;
		};
/* End PBXFileSystemSynchronizedBuildFileExceptionSet section */

/* Begin PBXFileSystemSynchronizedRootGroup section */
		01EF9C0B2D8D5E4900508352 /* core_location_demo */ = {
			isa = PBXFileSystemSynchronizedRootGroup;
			exceptions = (
				01EF9C312D8D5E4A00508352 /* Exceptions for "core_location_demo" folder in "core_location_demo" target */,
			);
			path = core_location_demo;
			sourceTree = "<group>";
		};
		01EF9C222D8D5E4A00508352 /* core_location_demoTests */ = {
			isa = PBXFileSystemSynchronizedRootGroup;
			path = core_location_demoTests;
			sourceTree = "<group>";
		};
		01EF9C2C2D8D5E4A00508352 /* core_location_demoUITests */ = {
			isa = PBXFileSystemSynchronizedRootGroup;
			path = core_location_demoUITests;
			sourceTree = "<group>";
		};
/* End PBXFileSystemSynchronizedRootGroup section */

/* Begin PBXFrameworksBuildPhase section */
		01EF9C062D8D5E4900508352 /* Frameworks */ = {
			isa = PBXFrameworksBuildPhase;
			buildActionMask = 2147483647;
			files = (
				01EF9C3F2D8D5E9A00508352 /* CoreLocation.framework in Frameworks */,
			);
			runOnlyForDeploymentPostprocessing = 0;
		};
		01EF9C1C2D8D5E4A00508352 /* Frameworks */ = {
			isa = PBXFrameworksBuildPhase;
			buildActionMask = 2147483647;
			files = (
			);
			runOnlyForDeploymentPostprocessing = 0;
		};
		01EF9C262D8D5E4A00508352 /* Frameworks */ = {
			isa = PBXFrameworksBuildPhase;
			buildActionMask = 2147483647;
			files = (
			);
			runOnlyForDeploymentPostprocessing = 0;
		};
/* End PBXFrameworksBuildPhase section */

/* Begin PBXGroup section */
		01EF9C002D8D5E4900508352 = {
			isa = PBXGroup;
			children = (
				01EF9C0B2D8D5E4900508352 /* core_location_demo */,
				01EF9C222D8D5E4A00508352 /* core_location_demoTests */,
				01EF9C2C2D8D5E4A00508352 /* core_location_demoUITests */,
				01EF9C3D2D8D5E9A00508352 /* Frameworks */,
				01EF9C0A2D8D5E4900508352 /* Products */,
			);
			sourceTree = "<group>";
		};
		01EF9C0A2D8D5E4900508352 /* Products */ = {
			isa = PBXGroup;
			children = (
				01EF9C092D8D5E4900508352 /* core_location_demo.app */,
				01EF9C1F2D8D5E4A00508352 /* core_location_demoTests.xctest */,
				01EF9C292D8D5E4A00508352 /* core_location_demoUITests.xctest */,
			);
			name = Products;
			sourceTree = "<group>";
		};
		01EF9C3D2D8D5E9A00508352 /* Frameworks */ = {
			isa = PBXGroup;
			children = (
				01EF9C3E2D8D5E9A00508352 /* CoreLocation.framework */,
			);
			name = Frameworks;
			sourceTree = "<group>";
		};
/* End PBXGroup section */

/* Begin PBXNativeTarget section */
		01EF9C082D8D5E4900508352 /* core_location_demo */ = {
			isa = PBXNativeTarget;
			buildConfigurationList = 01EF9C322D8D5E4A00508352 /* Build configuration list for PBXNativeTarget "core_location_demo" */;
			buildPhases = (
				01EF9C052D8D5E4900508352 /* Sources */,
				01EF9C062D8D5E4900508352 /* Frameworks */,
				01EF9C072D8D5E4900508352 /* Resources */,
			);
			buildRules = (
			);
			dependencies = (
			);
			fileSystemSynchronizedGroups = (
				01EF9C0B2D8D5E4900508352 /* core_location_demo */,
			);
			name = core_location_demo;
			packageProductDependencies = (
			);
			productName = core_location_demo;
			productReference = 01EF9C092D8D5E4900508352 /* core_location_demo.app */;
			productType = "com.apple.product-type.application";
		};
		01EF9C1E2D8D5E4A00508352 /* core_location_demoTests */ = {
			isa = PBXNativeTarget;
			buildConfigurationList = 01EF9C372D8D5E4A00508352 /* Build configuration list for PBXNativeTarget "core_location_demoTests" */;
			buildPhases = (
				01EF9C1B2D8D5E4A00508352 /* Sources */,
				01EF9C1C2D8D5E4A00508352 /* Frameworks */,
				01EF9C1D2D8D5E4A00508352 /* Resources */,
			);
			buildRules = (
			);
			dependencies = (
				01EF9C212D8D5E4A00508352 /* PBXTargetDependency */,
			);
			fileSystemSynchronizedGroups = (
				01EF9C222D8D5E4A00508352 /* core_location_demoTests */,
			);
			name = core_location_demoTests;
			packageProductDependencies = (
			);
			productName = core_location_demoTests;
			productReference = 01EF9C1F2D8D5E4A00508352 /* core_location_demoTests.xctest */;
			productType = "com.apple.product-type.bundle.unit-test";
		};
		01EF9C282D8D5E4A00508352 /* core_location_demoUITests */ = {
			isa = PBXNativeTarget;
			buildConfigurationList = 01EF9C3A2D8D5E4A00508352 /* Build configuration list for PBXNativeTarget "core_location_demoUITests" */;
			buildPhases = (
				01EF9C252D8D5E4A00508352 /* Sources */,
				01EF9C262D8D5E4A00508352 /* Frameworks */,
				01EF9C272D8D5E4A00508352 /* Resources */,
			);
			buildRules = (
			);
			dependencies = (
				01EF9C2B2D8D5E4A00508352 /* PBXTargetDependency */,
			);
			fileSystemSynchronizedGroups = (
				01EF9C2C2D8D5E4A00508352 /* core_location_demoUITests */,
			);
			name = core_location_demoUITests;
			packageProductDependencies = (
			);
			productName = core_location_demoUITests;
			productReference = 01EF9C292D8D5E4A00508352 /* core_location_demoUITests.xctest */;
			productType = "com.apple.product-type.bundle.ui-testing";
		};
/* End PBXNativeTarget section */

/* Begin PBXProject section */
		01EF9C012D8D5E4900508352 /* Project object */ = {
			isa = PBXProject;
			attributes = {
				BuildIndependentTargetsInParallel = 1;
				LastSwiftUpdateCheck = 1620;
				LastUpgradeCheck = 1620;
				TargetAttributes = {
					01EF9C082D8D5E4900508352 = {
						CreatedOnToolsVersion = 16.2;
					};
					01EF9C1E2D8D5E4A00508352 = {
						CreatedOnToolsVersion = 16.2;
						TestTargetID = 01EF9C082D8D5E4900508352;
					};
					01EF9C282D8D5E4A00508352 = {
						CreatedOnToolsVersion = 16.2;
						TestTargetID = 01EF9C082D8D5E4900508352;
					};
				};
			};
			buildConfigurationList = 01EF9C042D8D5E4900508352 /* Build configuration list for PBXProject "core_location_demo" */;
			developmentRegion = en;
			hasScannedForEncodings = 0;
			knownRegions = (
				en,
				Base,
			);
			mainGroup = 01EF9C002D8D5E4900508352;
			minimizedProjectReferenceProxies = 1;
			preferredProjectObjectVersion = 77;
			productRefGroup = 01EF9C0A2D8D5E4900508352 /* Products */;
			projectDirPath = "";
			projectRoot = "";
			targets = (
				01EF9C082D8D5E4900508352 /* core_location_demo */,
				01EF9C1E2D8D5E4A00508352 /* core_location_demoTests */,
				01EF9C282D8D5E4A00508352 /* core_location_demoUITests */,
			);
		};
/* End PBXProject section */

/* Begin PBXResourcesBuildPhase section */
		01EF9C072D8D5E4900508352 /* Resources */ = {
			isa = PBXResourcesBuildPhase;
			buildActionMask = 2147483647;
			files = (
			);
			runOnlyForDeploymentPostprocessing = 0;
		};
		01EF9C1D2D8D5E4A00508352 /* Resources */ = {
			isa = PBXResourcesBuildPhase;
			buildActionMask = 2147483647;
			files = (
			);
			runOnlyForDeploymentPostprocessing = 0;
		};
		01EF9C272D8D5E4A00508352 /* Resources */ = {
			isa = PBXResourcesBuildPhase;
			buildActionMask = 2147483647;
			files = (
			);
			runOnlyForDeploymentPostprocessing = 0;
		};
/* End PBXResourcesBuildPhase section */

/* Begin PBXSourcesBuildPhase section */
		01EF9C052D8D5E4900508352 /* Sources */ = {
			isa = PBXSourcesBuildPhase;
			buildActionMask = 2147483647;
			files = (
			);
			runOnlyForDeploymentPostprocessing = 0;
		};
		01EF9C1B2D8D5E4A00508352 /* Sources */ = {
			isa = PBXSourcesBuildPhase;
			buildActionMask = 2147483647;
			files = (
			);
			runOnlyForDeploymentPostprocessing = 0;
		};
		01EF9C252D8D5E4A00508352 /* Sources */ = {
			isa = PBXSourcesBuildPhase;
			buildActionMask = 2147483647;
			files = (
			);
			runOnlyForDeploymentPostprocessing = 0;
		};
/* End PBXSourcesBuildPhase section */

/* Begin PBXTargetDependency section */
		01EF9C212D8D5E4A00508352 /* PBXTargetDependency */ = {
			isa = PBXTargetDependency;
			target = 01EF9C082D8D5E4900508352 /* core_location_demo */;
			targetProxy = 01EF9C202D8D5E4A00508352 /* PBXContainerItemProxy */;
		};
		01EF9C2B2D8D5E4A00508352 /* PBXTargetDependency */ = {
			isa = PBXTargetDependency;
			target = 01EF9C082D8D5E4900508352 /* core_location_demo */;
			targetProxy = 01EF9C2A2D8D5E4A00508352 /* PBXContainerItemProxy */;
		};
/* End PBXTargetDependency section */

/* Begin XCBuildConfiguration section */
		01EF9C332D8D5E4A00508352 /* Debug */ = {
			isa = XCBuildConfiguration;
			buildSettings = {
				ASSETCATALOG_COMPILER_APPICON_NAME = AppIcon;
				ASSETCATALOG_COMPILER_GLOBAL_ACCENT_COLOR_NAME = AccentColor;
				CODE_SIGN_STYLE = Automatic;
				CURRENT_PROJECT_VERSION = 1;
				GENERATE_INFOPLIST_FILE = YES;
				INFOPLIST_FILE = core_location_demo/Info.plist;
				INFOPLIST_KEY_UIApplicationSupportsIndirectInputEvents = YES;
				INFOPLIST_KEY_UILaunchStoryboardName = LaunchScreen;
				INFOPLIST_KEY_UIMainStoryboardFile = Main;
				INFOPLIST_KEY_UISupportedInterfaceOrientations_iPad = "UIInterfaceOrientationPortrait UIInterfaceOrientationPortraitUpsideDown UIInterfaceOrientationLandscapeLeft UIInterfaceOrientationLandscapeRight";
				INFOPLIST_KEY_UISupportedInterfaceOrientations_iPhone = "UIInterfaceOrientationPortrait UIInterfaceOrientationLandscapeLeft UIInterfaceOrientationLandscapeRight";
				LD_RUNPATH_SEARCH_PATHS = (
					"$(inherited)",
					"@executable_path/Frameworks",
				);
				MARKETING_VERSION = 1.0;
				PRODUCT_BUNDLE_IDENTIFIER = "MscICT.core-location-demo";
				PRODUCT_NAME = "$(TARGET_NAME)";
				SWIFT_EMIT_LOC_STRINGS = YES;
				SWIFT_VERSION = 5.0;
				TARGETED_DEVICE_FAMILY = "1,2";
			};
			name = Debug;
		};
		01EF9C342D8D5E4A00508352 /* Release */ = {
			isa = XCBuildConfiguration;
			buildSettings = {
				ASSETCATALOG_COMPILER_APPICON_NAME = AppIcon;
				ASSETCATALOG_COMPILER_GLOBAL_ACCENT_COLOR_NAME = AccentColor;
				CODE_SIGN_STYLE = Automatic;
				CURRENT_PROJECT_VERSION = 1;
				GENERATE_INFOPLIST_FILE = YES;
				INFOPLIST_FILE = core_location_demo/Info.plist;
				INFOPLIST_KEY_UIApplicationSupportsIndirectInputEvents = YES;
				INFOPLIST_KEY_UILaunchStoryboardName = LaunchScreen;
				INFOPLIST_KEY_UIMainStoryboardFile = Main;
				INFOPLIST_KEY_UISupportedInterfaceOrientations_iPad = "UIInterfaceOrientationPortrait UIInterfaceOrientationPortraitUpsideDown UIInterfaceOrientationLandscapeLeft UIInterfaceOrientationLandscapeRight";
				INFOPLIST_KEY_UISupportedInterfaceOrientations_iPhone = "UIInterfaceOrientationPortrait UIInterfaceOrientationLandscapeLeft UIInterfaceOrientationLandscapeRight";
				LD_RUNPATH_SEARCH_PATHS = (
					"$(inherited)",
					"@executable_path/Frameworks",
				);
				MARKETING_VERSION = 1.0;
				PRODUCT_BUNDLE_IDENTIFIER = "MscICT.core-location-demo";
				PRODUCT_NAME = "$(TARGET_NAME)";
				SWIFT_EMIT_LOC_STRINGS = YES;
				SWIFT_VERSION = 5.0;
				TARGETED_DEVICE_FAMILY = "1,2";
			};
			name = Release;
		};
		01EF9C352D8D5E4A00508352 /* Debug */ = {
			isa = XCBuildConfiguration;
			buildSettings = {
				ALWAYS_SEARCH_USER_PATHS = NO;
				ASSETCATALOG_COMPILER_GENERATE_SWIFT_ASSET_SYMBOL_EXTENSIONS = YES;
				CLANG_ANALYZER_NONNULL = YES;
				CLANG_ANALYZER_NUMBER_OBJECT_CONVERSION = YES_AGGRESSIVE;
				CLANG_CXX_LANGUAGE_STANDARD = "gnu++20";
				CLANG_ENABLE_MODULES = YES;
				CLANG_ENABLE_OBJC_ARC = YES;
				CLANG_ENABLE_OBJC_WEAK = YES;
				CLANG_WARN_BLOCK_CAPTURE_AUTORELEASING = YES;
				CLANG_WARN_BOOL_CONVERSION = YES;
				CLANG_WARN_COMMA = YES;
				CLANG_WARN_CONSTANT_CONVERSION = YES;
				CLANG_WARN_DEPRECATED_OBJC_IMPLEMENTATIONS = YES;
				CLANG_WARN_DIRECT_OBJC_ISA_USAGE = YES_ERROR;
				CLANG_WARN_DOCUMENTATION_COMMENTS = YES;
				CLANG_WARN_EMPTY_BODY = YES;
				CLANG_WARN_ENUM_CONVERSION = YES;
				CLANG_WARN_INFINITE_RECURSION = YES;
				CLANG_WARN_INT_CONVERSION = YES;
				CLANG_WARN_NON_LITERAL_NULL_CONVERSION = YES;
				CLANG_WARN_OBJC_IMPLICIT_RETAIN_SELF = YES;
				CLANG_WARN_OBJC_LITERAL_CONVERSION = YES;
				CLANG_WARN_OBJC_ROOT_CLASS = YES_ERROR;
				CLANG_WARN_QUOTED_INCLUDE_IN_FRAMEWORK_HEADER = YES;
				CLANG_WARN_RANGE_LOOP_ANALYSIS = YES;
				CLANG_WARN_STRICT_PROTOTYPES = YES;
				CLANG_WARN_SUSPICIOUS_MOVE = YES;
				CLANG_WARN_UNGUARDED_AVAILABILITY = YES_AGGRESSIVE;
				CLANG_WARN_UNREACHABLE_CODE = YES;
				CLANG_WARN__DUPLICATE_METHOD_MATCH = YES;
				COPY_PHASE_STRIP = NO;
				DEBUG_INFORMATION_FORMAT = dwarf;
				ENABLE_STRICT_OBJC_MSGSEND = YES;
				ENABLE_TESTABILITY = YES;
				ENABLE_USER_SCRIPT_SANDBOXING = YES;
				GCC_C_LANGUAGE_STANDARD = gnu17;
				GCC_DYNAMIC_NO_PIC = NO;
				GCC_NO_COMMON_BLOCKS = YES;
				GCC_OPTIMIZATION_LEVEL = 0;
				GCC_PREPROCESSOR_DEFINITIONS = (
					"DEBUG=1",
					"$(inherited)",
				);
				GCC_WARN_64_TO_32_BIT_CONVERSION = YES;
				GCC_WARN_ABOUT_RETURN_TYPE = YES_ERROR;
				GCC_WARN_UNDECLARED_SELECTOR = YES;
				GCC_WARN_UNINITIALIZED_AUTOS = YES_AGGRESSIVE;
				GCC_WARN_UNUSED_FUNCTION = YES;
				GCC_WARN_UNUSED_VARIABLE = YES;
				IPHONEOS_DEPLOYMENT_TARGET = 18.2;
				LOCALIZATION_PREFERS_STRING_CATALOGS = YES;
				MTL_ENABLE_DEBUG_INFO = INCLUDE_SOURCE;
				MTL_FAST_MATH = YES;
				ONLY_ACTIVE_ARCH = YES;
				SDKROOT = iphoneos;
				SWIFT_ACTIVE_COMPILATION_CONDITIONS = "DEBUG $(inherited)";
				SWIFT_OPTIMIZATION_LEVEL = "-Onone";
			};
			name = Debug;
		};
		01EF9C362D8D5E4A00508352 /* Release */ = {
			isa = XCBuildConfiguration;
			buildSettings = {
				ALWAYS_SEARCH_USER_PATHS = NO;
				ASSETCATALOG_COMPILER_GENERATE_SWIFT_ASSET_SYMBOL_EXTENSIONS = YES;
				CLANG_ANALYZER_NONNULL = YES;
				CLANG_ANALYZER_NUMBER_OBJECT_CONVERSION = YES_AGGRESSIVE;
				CLANG_CXX_LANGUAGE_STANDARD = "gnu++20";
				CLANG_ENABLE_MODULES = YES;
				CLANG_ENABLE_OBJC_ARC = YES;
				CLANG_ENABLE_OBJC_WEAK = YES;
				CLANG_WARN_BLOCK_CAPTURE_AUTORELEASING = YES;
				CLANG_WARN_BOOL_CONVERSION = YES;
				CLANG_WARN_COMMA = YES;
				CLANG_WARN_CONSTANT_CONVERSION = YES;
				CLANG_WARN_DEPRECATED_OBJC_IMPLEMENTATIONS = YES;
				CLANG_WARN_DIRECT_OBJC_ISA_USAGE = YES_ERROR;
				CLANG_WARN_DOCUMENTATION_COMMENTS = YES;
				CLANG_WARN_EMPTY_BODY = YES;
				CLANG_WARN_ENUM_CONVERSION = YES;
				CLANG_WARN_INFINITE_RECURSION = YES;
				CLANG_WARN_INT_CONVERSION = YES;
				CLANG_WARN_NON_LITERAL_NULL_CONVERSION = YES;
				CLANG_WARN_OBJC_IMPLICIT_RETAIN_SELF = YES;
				CLANG_WARN_OBJC_LITERAL_CONVERSION = YES;
				CLANG_WARN_OBJC_ROOT_CLASS = YES_ERROR;
				CLANG_WARN_QUOTED_INCLUDE_IN_FRAMEWORK_HEADER = YES;
				CLANG_WARN_RANGE_LOOP_ANALYSIS = YES;
				CLANG_WARN_STRICT_PROTOTYPES = YES;
				CLANG_WARN_SUSPICIOUS_MOVE = YES;
				CLANG_WARN_UNGUARDED_AVAILABILITY = YES_AGGRESSIVE;
				CLANG_WARN_UNREACHABLE_CODE = YES;
				CLANG_WARN__DUPLICATE_METHOD_MATCH = YES;
				COPY_PHASE_STRIP = NO;
				DEBUG_INFORMATION_FORMAT = "dwarf-with-dsym";
				ENABLE_NS_ASSERTIONS = NO;
				ENABLE_STRICT_OBJC_MSGSEND = YES;
				ENABLE_USER_SCRIPT_SANDBOXING = YES;
				GCC_C_LANGUAGE_STANDARD = gnu17;
				GCC_NO_COMMON_BLOCKS = YES;
				GCC_WARN_64_TO_32_BIT_CONVERSION = YES;
				GCC_WARN_ABOUT_RETURN_TYPE = YES_ERROR;
				GCC_WARN_UNDECLARED_SELECTOR = YES;
				GCC_WARN_UNINITIALIZED_AUTOS = YES_AGGRESSIVE;
				GCC_WARN_UNUSED_FUNCTION = YES;
				GCC_WARN_UNUSED_VARIABLE = YES;
				IPHONEOS_DEPLOYMENT_TARGET = 18.2;
				LOCALIZATION_PREFERS_STRING_CATALOGS = YES;
				MTL_ENABLE_DEBUG_INFO = NO;
				MTL_FAST_MATH = YES;
				SDKROOT = iphoneos;
				SWIFT_COMPILATION_MODE = wholemodule;
				VALIDATE_PRODUCT = YES;
			};
			name = Release;
		};
		01EF9C382D8D5E4A00508352 /* Debug */ = {
			isa = XCBuildConfiguration;
			buildSettings = {
				BUNDLE_LOADER = "$(TEST_HOST)";
				CODE_SIGN_STYLE = Automatic;
				CURRENT_PROJECT_VERSION = 1;
				GENERATE_INFOPLIST_FILE = YES;
				IPHONEOS_DEPLOYMENT_TARGET = 18.2;
				MARKETING_VERSION = 1.0;
				PRODUCT_BUNDLE_IDENTIFIER = "MscICT.core-location-demoTests";
				PRODUCT_NAME = "$(TARGET_NAME)";
				SWIFT_EMIT_LOC_STRINGS = NO;
				SWIFT_VERSION = 5.0;
				TARGETED_DEVICE_FAMILY = "1,2";
				TEST_HOST = "$(BUILT_PRODUCTS_DIR)/core_location_demo.app/$(BUNDLE_EXECUTABLE_FOLDER_PATH)/core_location_demo";
			};
			name = Debug;
		};
		01EF9C392D8D5E4A00508352 /* Release */ = {
			isa = XCBuildConfiguration;
			buildSettings = {
				BUNDLE_LOADER = "$(TEST_HOST)";
				CODE_SIGN_STYLE = Automatic;
				CURRENT_PROJECT_VERSION = 1;
				GENERATE_INFOPLIST_FILE = YES;
				IPHONEOS_DEPLOYMENT_TARGET = 18.2;
				MARKETING_VERSION = 1.0;
				PRODUCT_BUNDLE_IDENTIFIER = "MscICT.core-location-demoTests";
				PRODUCT_NAME = "$(TARGET_NAME)";
				SWIFT_EMIT_LOC_STRINGS = NO;
				SWIFT_VERSION = 5.0;
				TARGETED_DEVICE_FAMILY = "1,2";
				TEST_HOST = "$(BUILT_PRODUCTS_DIR)/core_location_demo.app/$(BUNDLE_EXECUTABLE_FOLDER_PATH)/core_location_demo";
			};
			name = Release;
		};
		01EF9C3B2D8D5E4A00508352 /* Debug */ = {
			isa = XCBuildConfiguration;
			buildSettings = {
				CODE_SIGN_STYLE = Automatic;
				CURRENT_PROJECT_VERSION = 1;
				GENERATE_INFOPLIST_FILE = YES;
				MARKETING_VERSION = 1.0;
				PRODUCT_BUNDLE_IDENTIFIER = "MscICT.core-location-demoUITests";
				PRODUCT_NAME = "$(TARGET_NAME)";
				SWIFT_EMIT_LOC_STRINGS = NO;
				SWIFT_VERSION = 5.0;
				TARGETED_DEVICE_FAMILY = "1,2";
				TEST_TARGET_NAME = core_location_demo;
			};
			name = Debug;
		};
		01EF9C3C2D8D5E4A00508352 /* Release */ = {
			isa = XCBuildConfiguration;
			buildSettings = {
				CODE_SIGN_STYLE = Automatic;
				CURRENT_PROJECT_VERSION = 1;
				GENERATE_INFOPLIST_FILE = YES;
				MARKETING_VERSION = 1.0;
				PRODUCT_BUNDLE_IDENTIFIER = "MscICT.core-location-demoUITests";
				PRODUCT_NAME = "$(TARGET_NAME)";
				SWIFT_EMIT_LOC_STRINGS = NO;
				SWIFT_VERSION = 5.0;
				TARGETED_DEVICE_FAMILY = "1,2";
				TEST_TARGET_NAME = core_location_demo;
			};
			name = Release;
		};
/* End XCBuildConfiguration section */

/* Begin XCConfigurationList section */
		01EF9C042D8D5E4900508352 /* Build configuration list for PBXProject "core_location_demo" */ = {
			isa = XCConfigurationList;
			buildConfigurations = (
				01EF9C352D8D5E4A00508352 /* Debug */,
				01EF9C362D8D5E4A00508352 /* Release */,
			);
			defaultConfigurationIsVisible = 0;
			defaultConfigurationName = Release;
		};
		01EF9C322D8D5E4A00508352 /* Build configuration list for PBXNativeTarget "core_location_demo" */ = {
			isa = XCConfigurationList;
			buildConfigurations = (
				01EF9C332D8D5E4A00508352 /* Debug */,
				01EF9C342D8D5E4A00508352 /* Release */,
			);
			defaultConfigurationIsVisible = 0;
			defaultConfigurationName = Release;
		};
		01EF9C372D8D5E4A00508352 /* Build configuration list for PBXNativeTarget "core_location_demoTests" */ = {
			isa = XCConfigurationList;
			buildConfigurations = (
				01EF9C382D8D5E4A00508352 /* Debug */,
				01EF9C392D8D5E4A00508352 /* Release */,
			);
			defaultConfigurationIsVisible = 0;
			defaultConfigurationName = Release;
		};
		01EF9C3A2D8D5E4A00508352 /* Build configuration list for PBXNativeTarget "core_location_demoUITests" */ = {
			isa = XCConfigurationList;
			buildConfigurations = (
				01EF9C3B2D8D5E4A00508352 /* Debug */,
				01EF9C3C2D8D5E4A00508352 /* Release */,
			);
			defaultConfigurationIsVisible = 0;
			defaultConfigurationName = Release;
		};
/* End XCConfigurationList section */
	};
	rootObject = 01EF9C012D8D5E4900508352 /* Project object */;
}
