
Microsoft Visual Studio Solution File, Format Version 12.00
# Visual Studio Version 17
VisualStudioVersion = 17.12.35527.113
MinimumVisualStudioVersion = 10.0.40219.1
Project("{FAE04EC0-301F-11D3-BF4B-00C04F79EFBC}") = "ConsoleAppTupleDelegateOopsConcepts", "ConsoleAppTupleDelegateOopsConcepts\ConsoleAppTupleDelegateOopsConcepts.csproj", "{D3601953-EE24-413B-AB09-38A75978D36D}"
EndProject
Project("{FAE04EC0-301F-11D3-BF4B-00C04F79EFBC}") = "InternalExamWebAPI", "InternalExamWebAPI\InternalExamWebAPI.csproj", "{74927F81-0F41-4C95-8E42-0CBDA55AE08B}"
EndProject
Project("{FAE04EC0-301F-11D3-BF4B-00C04F79EFBC}") = "WebAppExamMVC", "WebAppExamMVC\WebAppExamMVC.csproj", "{3FE9858E-3981-4BDE-98DD-A5B2030D6A54}"
EndProject
Project("{FAE04EC0-301F-11D3-BF4B-00C04F79EFBC}") = "WebUserPersonaldetailsMVC", "WebUserPersonaldetailsMVC\WebUserPersonaldetailsMVC.csproj", "{C0B895D6-7F3D-4EB6-8356-D587A34B3A9D}"
EndProject
Global
	GlobalSection(SolutionConfigurationPlatforms) = preSolution
		Debug|Any CPU = Debug|Any CPU
		Release|Any CPU = Release|Any CPU
	EndGlobalSection
	GlobalSection(ProjectConfigurationPlatforms) = postSolution
		{D3601953-EE24-413B-AB09-38A75978D36D}.Debug|Any CPU.ActiveCfg = Debug|Any CPU
		{D3601953-EE24-413B-AB09-38A75978D36D}.Debug|Any CPU.Build.0 = Debug|Any CPU
		{D3601953-EE24-413B-AB09-38A75978D36D}.Release|Any CPU.ActiveCfg = Release|Any CPU
		{D3601953-EE24-413B-AB09-38A75978D36D}.Release|Any CPU.Build.0 = Release|Any CPU
		{74927F81-0F41-4C95-8E42-0CBDA55AE08B}.Debug|Any CPU.ActiveCfg = Debug|Any CPU
		{74927F81-0F41-4C95-8E42-0CBDA55AE08B}.Debug|Any CPU.Build.0 = Debug|Any CPU
		{74927F81-0F41-4C95-8E42-0CBDA55AE08B}.Release|Any CPU.ActiveCfg = Release|Any CPU
		{74927F81-0F41-4C95-8E42-0CBDA55AE08B}.Release|Any CPU.Build.0 = Release|Any CPU
		{3FE9858E-3981-4BDE-98DD-A5B2030D6A54}.Debug|Any CPU.ActiveCfg = Debug|Any CPU
		{3FE9858E-3981-4BDE-98DD-A5B2030D6A54}.Debug|Any CPU.Build.0 = Debug|Any CPU
		{3FE9858E-3981-4BDE-98DD-A5B2030D6A54}.Release|Any CPU.ActiveCfg = Release|Any CPU
		{3FE9858E-3981-4BDE-98DD-A5B2030D6A54}.Release|Any CPU.Build.0 = Release|Any CPU
		{C0B895D6-7F3D-4EB6-8356-D587A34B3A9D}.Debug|Any CPU.ActiveCfg = Debug|Any CPU
		{C0B895D6-7F3D-4EB6-8356-D587A34B3A9D}.Debug|Any CPU.Build.0 = Debug|Any CPU
		{C0B895D6-7F3D-4EB6-8356-D587A34B3A9D}.Release|Any CPU.ActiveCfg = Release|Any CPU
		{C0B895D6-7F3D-4EB6-8356-D587A34B3A9D}.Release|Any CPU.Build.0 = Release|Any CPU
	EndGlobalSection
	GlobalSection(SolutionProperties) = preSolution
		HideSolutionNode = FALSE
	EndGlobalSection
EndGlobal
