
Microsoft Visual Studio Solution File, Format Version 12.00
# Visual Studio Version 17
VisualStudioVersion = 17.10.35027.167
MinimumVisualStudioVersion = 10.0.40219.1
Project("{FAE04EC0-301F-11D3-BF4B-00C04F79EFBC}") = "ConsoleStudentApp", "ConsoleStudentApp.csproj", "{D621E23D-2817-402F-8E47-E23552440194}"
EndProject
Global
	GlobalSection(SolutionConfigurationPlatforms) = preSolution
		Debug|Any CPU = Debug|Any CPU
		Release|Any CPU = Release|Any CPU
	EndGlobalSection
	GlobalSection(ProjectConfigurationPlatforms) = postSolution
		{D621E23D-2817-402F-8E47-E23552440194}.Debug|Any CPU.ActiveCfg = Debug|Any CPU
		{D621E23D-2817-402F-8E47-E23552440194}.Debug|Any CPU.Build.0 = Debug|Any CPU
		{D621E23D-2817-402F-8E47-E23552440194}.Release|Any CPU.ActiveCfg = Release|Any CPU
		{D621E23D-2817-402F-8E47-E23552440194}.Release|Any CPU.Build.0 = Release|Any CPU
	EndGlobalSection
	GlobalSection(SolutionProperties) = preSolution
		HideSolutionNode = FALSE
	EndGlobalSection
	GlobalSection(ExtensibilityGlobals) = postSolution
		SolutionGuid = {272B5D79-2FCD-4BC3-A1EF-28F187BBD3E2}
	EndGlobalSection
EndGlobal
