// !$*UTF8*$!
{
	archiveVersion = 1;
	classes = {
	};
	objectVersion = 77;
	objects = {

/* Begin PBXContainerItemProxy section */
		01B9ED9A2D89673400AA717B /* PBXContainerItemProxy */ = {
			isa = PBXContainerItemProxy;
			containerPortal = 01B9ED7B2D89673300AA717B /* Project object */;
			proxyType = 1;
			remoteGlobalIDString = 01B9ED822D89673300AA717B;
			remoteInfo = Question_5_10;
		};
		01B9EDA42D89673400AA717B /* PBXContainerItemProxy */ = {
			isa = PBXContainerItemProxy;
			containerPortal = 01B9ED7B2D89673300AA717B /* Project object */;
			proxyType = 1;
			remoteGlobalIDString = 01B9ED822D89673300AA717B;
			remoteInfo = Question_5_10;
		};
/* End PBXContainerItemProxy section */

/* Begin PBXFileReference section */
		01B9ED832D89673300AA717B /* Question_5_10.app */ = {isa = PBXFileReference; explicitFileType = wrapper.application; includeInIndex = 0; path = Question_5_10.app; sourceTree = BUILT_PRODUCTS_DIR; };
		01B9ED992D89673400AA717B /* Question_5_10Tests.xctest */ = {isa = PBXFileReference; explicitFileType = wrapper.cfbundle; includeInIndex = 0; path = Question_5_10Tests.xctest; sourceTree = BUILT_PRODUCTS_DIR; };
		01B9EDA32D89673400AA717B /* Question_5_10UITests.xctest */ = {isa = PBXFileReference; explicitFileType = wrapper.cfbundle; includeInIndex = 0; path = Question_5_10UITests.xctest; sourceTree = BUILT_PRODUCTS_DIR; };
/* End PBXFileReference section */

/* Begin PBXFileSystemSynchronizedBuildFileExceptionSet section */
		01B9EDAB2D89673400AA717B /* Exceptions for "Question_5_10" folder in "Question_5_10" target */ = {
			isa = PBXFileSystemSynchronizedBuildFileExceptionSet;
			membershipExceptions = (
				Info.plist,
			);
			target = 01B9ED822D89673300AA717B /* Question_5_10 */;
		};
/* End PBXFileSystemSynchronizedBuildFileExceptionSet section */

/* Begin PBXFileSystemSynchronizedRootGroup section */
		01B9ED852D89673300AA717B /* Question_5_10 */ = {
			isa = PBXFileSystemSynchronizedRootGroup;
			exceptions = (
				01B9EDAB2D89673400AA717B /* Exceptions for "Question_5_10" folder in "Question_5_10" target */,
			);
			path = Question_5_10;
			sourceTree = "<group>";
		};
		01B9ED9C2D89673400AA717B /* Question_5_10Tests */ = {
			isa = PBXFileSystemSynchronizedRootGroup;
			path = Question_5_10Tests;
			sourceTree = "<group>";
		};
		01B9EDA62D89673400AA717B /* Question_5_10UITests */ = {
			isa = PBXFileSystemSynchronizedRootGroup;
			path = Question_5_10UITests;
			sourceTree = "<group>";
		};
/* End PBXFileSystemSynchronizedRootGroup section */

/* Begin PBXFrameworksBuildPhase section */
		01B9ED802D89673300AA717B /* Frameworks */ = {
			isa = PBXFrameworksBuildPhase;
			buildActionMask = 2147483647;
			files = (
			);
			runOnlyForDeploymentPostprocessing = 0;
		};
		01B9ED962D89673400AA717B /* Frameworks */ = {
			isa = PBXFrameworksBuildPhase;
			buildActionMask = 2147483647;
			files = (
			);
			runOnlyForDeploymentPostprocessing = 0;
		};
		01B9EDA02D89673400AA717B /* Frameworks */ = {
			isa = PBXFrameworksBuildPhase;
			buildActionMask = 2147483647;
			files = (
			);
			runOnlyForDeploymentPostprocessing = 0;
		};
/* End PBXFrameworksBuildPhase section */

/* Begin PBXGroup section */
		01B9ED7A2D89673300AA717B = {
			isa = PBXGroup;
			children = (
				01B9ED852D89673300AA717B /* Question_5_10 */,
				01B9ED9C2D89673400AA717B /* Question_5_10Tests */,
				01B9EDA62D89673400AA717B /* Question_5_10UITests */,
				01B9ED842D89673300AA717B /* Products */,
			);
			sourceTree = "<group>";
		};
		01B9ED842D89673300AA717B /* Products */ = {
			isa = PBXGroup;
			children = (
				01B9ED832D89673300AA717B /* Question_5_10.app */,
				01B9ED992D89673400AA717B /* Question_5_10Tests.xctest */,
				01B9EDA32D89673400AA717B /* Question_5_10UITests.xctest */,
			);
			name = Products;
			sourceTree = "<group>";
		};
/* End PBXGroup section */

/* Begin PBXNativeTarget section */
		01B9ED822D89673300AA717B /* Question_5_10 */ = {
			isa = PBXNativeTarget;
			buildConfigurationList = 01B9EDAC2D89673400AA717B /* Build configuration list for PBXNativeTarget "Question_5_10" */;
			buildPhases = (
				01B9ED7F2D89673300AA717B /* Sources */,
				01B9ED802D89673300AA717B /* Frameworks */,
				01B9ED812D89673300AA717B /* Resources */,
			);
			buildRules = (
			);
			dependencies = (
			);
			fileSystemSynchronizedGroups = (
				01B9ED852D89673300AA717B /* Question_5_10 */,
			);
			name = Question_5_10;
			packageProductDependencies = (
			);
			productName = Question_5_10;
			productReference = 01B9ED832D89673300AA717B /* Question_5_10.app */;
			productType = "com.apple.product-type.application";
		};
		01B9ED982D89673400AA717B /* Question_5_10Tests */ = {
			isa = PBXNativeTarget;
			buildConfigurationList = 01B9EDB12D89673400AA717B /* Build configuration list for PBXNativeTarget "Question_5_10Tests" */;
			buildPhases = (
				01B9ED952D89673400AA717B /* Sources */,
				01B9ED962D89673400AA717B /* Frameworks */,
				01B9ED972D89673400AA717B /* Resources */,
			);
			buildRules = (
			);
			dependencies = (
				01B9ED9B2D89673400AA717B /* PBXTargetDependency */,
			);
			fileSystemSynchronizedGroups = (
				01B9ED9C2D89673400AA717B /* Question_5_10Tests */,
			);
			name = Question_5_10Tests;
			packageProductDependencies = (
			);
			productName = Question_5_10Tests;
			productReference = 01B9ED992D89673400AA717B /* Question_5_10Tests.xctest */;
			productType = "com.apple.product-type.bundle.unit-test";
		};
		01B9EDA22D89673400AA717B /* Question_5_10UITests */ = {
			isa = PBXNativeTarget;
			buildConfigurationList = 01B9EDB42D89673400AA717B /* Build configuration list for PBXNativeTarget "Question_5_10UITests" */;
			buildPhases = (
				01B9ED9F2D89673400AA717B /* Sources */,
				01B9EDA02D89673400AA717B /* Frameworks */,
				01B9EDA12D89673400AA717B /* Resources */,
			);
			buildRules = (
			);
			dependencies = (
				01B9EDA52D89673400AA717B /* PBXTargetDependency */,
			);
			fileSystemSynchronizedGroups = (
				01B9EDA62D89673400AA717B /* Question_5_10UITests */,
			);
			name = Question_5_10UITests;
			packageProductDependencies = (
			);
			productName = Question_5_10UITests;
			productReference = 01B9EDA32D89673400AA717B /* Question_5_10UITests.xctest */;
			productType = "com.apple.product-type.bundle.ui-testing";
		};
/* End PBXNativeTarget section */

/* Begin PBXProject section */
		01B9ED7B2D89673300AA717B /* Project object */ = {
			isa = PBXProject;
			attributes = {
				BuildIndependentTargetsInParallel = 1;
				LastSwiftUpdateCheck = 1620;
				LastUpgradeCheck = 1620;
				TargetAttributes = {
					01B9ED822D89673300AA717B = {
						CreatedOnToolsVersion = 16.2;
					};
					01B9ED982D89673400AA717B = {
						CreatedOnToolsVersion = 16.2;
						TestTargetID = 01B9ED822D89673300AA717B;
					};
					01B9EDA22D89673400AA717B = {
						CreatedOnToolsVersion = 16.2;
						TestTargetID = 01B9ED822D89673300AA717B;
					};
				};
			};
			buildConfigurationList = 01B9ED7E2D89673300AA717B /* Build configuration list for PBXProject "Question_5_10" */;
			developmentRegion = en;
			hasScannedForEncodings = 0;
			knownRegions = (
				en,
				Base,
			);
			mainGroup = 01B9ED7A2D89673300AA717B;
			minimizedProjectReferenceProxies = 1;
			preferredProjectObjectVersion = 77;
			productRefGroup = 01B9ED842D89673300AA717B /* Products */;
			projectDirPath = "";
			projectRoot = "";
			targets = (
				01B9ED822D89673300AA717B /* Question_5_10 */,
				01B9ED982D89673400AA717B /* Question_5_10Tests */,
				01B9EDA22D89673400AA717B /* Question_5_10UITests */,
			);
		};
/* End PBXProject section */

/* Begin PBXResourcesBuildPhase section */
		01B9ED812D89673300AA717B /* Resources */ = {
			isa = PBXResourcesBuildPhase;
			buildActionMask = 2147483647;
			files = (
			);
			runOnlyForDeploymentPostprocessing = 0;
		};
		01B9ED972D89673400AA717B /* Resources */ = {
			isa = PBXResourcesBuildPhase;
			buildActionMask = 2147483647;
			files = (
			);
			runOnlyForDeploymentPostprocessing = 0;
		};
		01B9EDA12D89673400AA717B /* Resources */ = {
			isa = PBXResourcesBuildPhase;
			buildActionMask = 2147483647;
			files = (
			);
			runOnlyForDeploymentPostprocessing = 0;
		};
/* End PBXResourcesBuildPhase section */

/* Begin PBXSourcesBuildPhase section */
		01B9ED7F2D89673300AA717B /* Sources */ = {
			isa = PBXSourcesBuildPhase;
			buildActionMask = 2147483647;
			files = (
			);
			runOnlyForDeploymentPostprocessing = 0;
		};
		01B9ED952D89673400AA717B /* Sources */ = {
			isa = PBXSourcesBuildPhase;
			buildActionMask = 2147483647;
			files = (
			);
			runOnlyForDeploymentPostprocessing = 0;
		};
		01B9ED9F2D89673400AA717B /* Sources */ = {
			isa = PBXSourcesBuildPhase;
			buildActionMask = 2147483647;
			files = (
			);
			runOnlyForDeploymentPostprocessing = 0;
		};
/* End PBXSourcesBuildPhase section */

/* Begin PBXTargetDependency section */
		01B9ED9B2D89673400AA717B /* PBXTargetDependency */ = {
			isa = PBXTargetDependency;
			target = 01B9ED822D89673300AA717B /* Question_5_10 */;
			targetProxy = 01B9ED9A2D89673400AA717B /* PBXContainerItemProxy */;
		};
		01B9EDA52D89673400AA717B /* PBXTargetDependency */ = {
			isa = PBXTargetDependency;
			target = 01B9ED822D89673300AA717B /* Question_5_10 */;
			targetProxy = 01B9EDA42D89673400AA717B /* PBXContainerItemProxy */;
		};
/* End PBXTargetDependency section */

/* Begin XCBuildConfiguration section */
		01B9EDAD2D89673400AA717B /* Debug */ = {
			isa = XCBuildConfiguration;
			buildSettings = {
				ASSETCATALOG_COMPILER_APPICON_NAME = AppIcon;
				ASSETCATALOG_COMPILER_GLOBAL_ACCENT_COLOR_NAME = AccentColor;
				CODE_SIGN_STYLE = Automatic;
				CURRENT_PROJECT_VERSION = 1;
				GENERATE_INFOPLIST_FILE = YES;
				INFOPLIST_FILE = Question_5_10/Info.plist;
				INFOPLIST_KEY_UIApplicationSupportsIndirectInputEvents = YES;
				INFOPLIST_KEY_UILaunchStoryboardName = LaunchScreen;
				INFOPLIST_KEY_UIMainStoryboardFile = Main;
				INFOPLIST_KEY_UISupportedInterfaceOrientations_iPad = "UIInterfaceOrientationPortrait UIInterfaceOrientationPortraitUpsideDown UIInterfaceOrientationLandscapeLeft UIInterfaceOrientationLandscapeRight";
				INFOPLIST_KEY_UISupportedInterfaceOrientations_iPhone = "UIInterfaceOrientationPortrait UIInterfaceOrientationLandscapeLeft UIInterfaceOrientationLandscapeRight";
				LD_RUNPATH_SEARCH_PATHS = (
					"$(inherited)",
					"@executable_path/Frameworks",
				);
				MARKETING_VERSION = 1.0;
				PRODUCT_BUNDLE_IDENTIFIER = "MscICT.Question-5-10";
				PRODUCT_NAME = "$(TARGET_NAME)";
				SWIFT_EMIT_LOC_STRINGS = YES;
				SWIFT_VERSION = 5.0;
				TARGETED_DEVICE_FAMILY = "1,2";
			};
			name = Debug;
		};
		01B9EDAE2D89673400AA717B /* Release */ = {
			isa = XCBuildConfiguration;
			buildSettings = {
				ASSETCATALOG_COMPILER_APPICON_NAME = AppIcon;
				ASSETCATALOG_COMPILER_GLOBAL_ACCENT_COLOR_NAME = AccentColor;
				CODE_SIGN_STYLE = Automatic;
				CURRENT_PROJECT_VERSION = 1;
				GENERATE_INFOPLIST_FILE = YES;
				INFOPLIST_FILE = Question_5_10/Info.plist;
				INFOPLIST_KEY_UIApplicationSupportsIndirectInputEvents = YES;
				INFOPLIST_KEY_UILaunchStoryboardName = LaunchScreen;
				INFOPLIST_KEY_UIMainStoryboardFile = Main;
				INFOPLIST_KEY_UISupportedInterfaceOrientations_iPad = "UIInterfaceOrientationPortrait UIInterfaceOrientationPortraitUpsideDown UIInterfaceOrientationLandscapeLeft UIInterfaceOrientationLandscapeRight";
				INFOPLIST_KEY_UISupportedInterfaceOrientations_iPhone = "UIInterfaceOrientationPortrait UIInterfaceOrientationLandscapeLeft UIInterfaceOrientationLandscapeRight";
				LD_RUNPATH_SEARCH_PATHS = (
					"$(inherited)",
					"@executable_path/Frameworks",
				);
				MARKETING_VERSION = 1.0;
				PRODUCT_BUNDLE_IDENTIFIER = "MscICT.Question-5-10";
				PRODUCT_NAME = "$(TARGET_NAME)";
				SWIFT_EMIT_LOC_STRINGS = YES;
				SWIFT_VERSION = 5.0;
				TARGETED_DEVICE_FAMILY = "1,2";
			};
			name = Release;
		};
		01B9EDAF2D89673400AA717B /* Debug */ = {
			isa = XCBuildConfiguration;
			buildSettings = {
				ALWAYS_SEARCH_USER_PATHS = NO;
				ASSETCATALOG_COMPILER_GENERATE_SWIFT_ASSET_SYMBOL_EXTENSIONS = YES;
				CLANG_ANALYZER_NONNULL = YES;
				CLANG_ANALYZER_NUMBER_OBJECT_CONVERSION = YES_AGGRESSIVE;
				CLANG_CXX_LANGUAGE_STANDARD = "gnu++20";
				CLANG_ENABLE_MODULES = YES;
				CLANG_ENABLE_OBJC_ARC = YES;
				CLANG_ENABLE_OBJC_WEAK = YES;
				CLANG_WARN_BLOCK_CAPTURE_AUTORELEASING = YES;
				CLANG_WARN_BOOL_CONVERSION = YES;
				CLANG_WARN_COMMA = YES;
				CLANG_WARN_CONSTANT_CONVERSION = YES;
				CLANG_WARN_DEPRECATED_OBJC_IMPLEMENTATIONS = YES;
				CLANG_WARN_DIRECT_OBJC_ISA_USAGE = YES_ERROR;
				CLANG_WARN_DOCUMENTATION_COMMENTS = YES;
				CLANG_WARN_EMPTY_BODY = YES;
				CLANG_WARN_ENUM_CONVERSION = YES;
				CLANG_WARN_INFINITE_RECURSION = YES;
				CLANG_WARN_INT_CONVERSION = YES;
				CLANG_WARN_NON_LITERAL_NULL_CONVERSION = YES;
				CLANG_WARN_OBJC_IMPLICIT_RETAIN_SELF = YES;
				CLANG_WARN_OBJC_LITERAL_CONVERSION = YES;
				CLANG_WARN_OBJC_ROOT_CLASS = YES_ERROR;
				CLANG_WARN_QUOTED_INCLUDE_IN_FRAMEWORK_HEADER = YES;
				CLANG_WARN_RANGE_LOOP_ANALYSIS = YES;
				CLANG_WARN_STRICT_PROTOTYPES = YES;
				CLANG_WARN_SUSPICIOUS_MOVE = YES;
				CLANG_WARN_UNGUARDED_AVAILABILITY = YES_AGGRESSIVE;
				CLANG_WARN_UNREACHABLE_CODE = YES;
				CLANG_WARN__DUPLICATE_METHOD_MATCH = YES;
				COPY_PHASE_STRIP = NO;
				DEBUG_INFORMATION_FORMAT = dwarf;
				ENABLE_STRICT_OBJC_MSGSEND = YES;
				ENABLE_TESTABILITY = YES;
				ENABLE_USER_SCRIPT_SANDBOXING = YES;
				GCC_C_LANGUAGE_STANDARD = gnu17;
				GCC_DYNAMIC_NO_PIC = NO;
				GCC_NO_COMMON_BLOCKS = YES;
				GCC_OPTIMIZATION_LEVEL = 0;
				GCC_PREPROCESSOR_DEFINITIONS = (
					"DEBUG=1",
					"$(inherited)",
				);
				GCC_WARN_64_TO_32_BIT_CONVERSION = YES;
				GCC_WARN_ABOUT_RETURN_TYPE = YES_ERROR;
				GCC_WARN_UNDECLARED_SELECTOR = YES;
				GCC_WARN_UNINITIALIZED_AUTOS = YES_AGGRESSIVE;
				GCC_WARN_UNUSED_FUNCTION = YES;
				GCC_WARN_UNUSED_VARIABLE = YES;
				IPHONEOS_DEPLOYMENT_TARGET = 18.2;
				LOCALIZATION_PREFERS_STRING_CATALOGS = YES;
				MTL_ENABLE_DEBUG_INFO = INCLUDE_SOURCE;
				MTL_FAST_MATH = YES;
				ONLY_ACTIVE_ARCH = YES;
				SDKROOT = iphoneos;
				SWIFT_ACTIVE_COMPILATION_CONDITIONS = "DEBUG $(inherited)";
				SWIFT_OPTIMIZATION_LEVEL = "-Onone";
			};
			name = Debug;
		};
		01B9EDB02D89673400AA717B /* Release */ = {
			isa = XCBuildConfiguration;
			buildSettings = {
				ALWAYS_SEARCH_USER_PATHS = NO;
				ASSETCATALOG_COMPILER_GENERATE_SWIFT_ASSET_SYMBOL_EXTENSIONS = YES;
				CLANG_ANALYZER_NONNULL = YES;
				CLANG_ANALYZER_NUMBER_OBJECT_CONVERSION = YES_AGGRESSIVE;
				CLANG_CXX_LANGUAGE_STANDARD = "gnu++20";
				CLANG_ENABLE_MODULES = YES;
				CLANG_ENABLE_OBJC_ARC = YES;
				CLANG_ENABLE_OBJC_WEAK = YES;
				CLANG_WARN_BLOCK_CAPTURE_AUTORELEASING = YES;
				CLANG_WARN_BOOL_CONVERSION = YES;
				CLANG_WARN_COMMA = YES;
				CLANG_WARN_CONSTANT_CONVERSION = YES;
				CLANG_WARN_DEPRECATED_OBJC_IMPLEMENTATIONS = YES;
				CLANG_WARN_DIRECT_OBJC_ISA_USAGE = YES_ERROR;
				CLANG_WARN_DOCUMENTATION_COMMENTS = YES;
				CLANG_WARN_EMPTY_BODY = YES;
				CLANG_WARN_ENUM_CONVERSION = YES;
				CLANG_WARN_INFINITE_RECURSION = YES;
				CLANG_WARN_INT_CONVERSION = YES;
				CLANG_WARN_NON_LITERAL_NULL_CONVERSION = YES;
				CLANG_WARN_OBJC_IMPLICIT_RETAIN_SELF = YES;
				CLANG_WARN_OBJC_LITERAL_CONVERSION = YES;
				CLANG_WARN_OBJC_ROOT_CLASS = YES_ERROR;
				CLANG_WARN_QUOTED_INCLUDE_IN_FRAMEWORK_HEADER = YES;
				CLANG_WARN_RANGE_LOOP_ANALYSIS = YES;
				CLANG_WARN_STRICT_PROTOTYPES = YES;
				CLANG_WARN_SUSPICIOUS_MOVE = YES;
				CLANG_WARN_UNGUARDED_AVAILABILITY = YES_AGGRESSIVE;
				CLANG_WARN_UNREACHABLE_CODE = YES;
				CLANG_WARN__DUPLICATE_METHOD_MATCH = YES;
				COPY_PHASE_STRIP = NO;
				DEBUG_INFORMATION_FORMAT = "dwarf-with-dsym";
				ENABLE_NS_ASSERTIONS = NO;
				ENABLE_STRICT_OBJC_MSGSEND = YES;
				ENABLE_USER_SCRIPT_SANDBOXING = YES;
				GCC_C_LANGUAGE_STANDARD = gnu17;
				GCC_NO_COMMON_BLOCKS = YES;
				GCC_WARN_64_TO_32_BIT_CONVERSION = YES;
				GCC_WARN_ABOUT_RETURN_TYPE = YES_ERROR;
				GCC_WARN_UNDECLARED_SELECTOR = YES;
				GCC_WARN_UNINITIALIZED_AUTOS = YES_AGGRESSIVE;
				GCC_WARN_UNUSED_FUNCTION = YES;
				GCC_WARN_UNUSED_VARIABLE = YES;
				IPHONEOS_DEPLOYMENT_TARGET = 18.2;
				LOCALIZATION_PREFERS_STRING_CATALOGS = YES;
				MTL_ENABLE_DEBUG_INFO = NO;
				MTL_FAST_MATH = YES;
				SDKROOT = iphoneos;
				SWIFT_COMPILATION_MODE = wholemodule;
				VALIDATE_PRODUCT = YES;
			};
			name = Release;
		};
		01B9EDB22D89673400AA717B /* Debug */ = {
			isa = XCBuildConfiguration;
			buildSettings = {
				BUNDLE_LOADER = "$(TEST_HOST)";
				CODE_SIGN_STYLE = Automatic;
				CURRENT_PROJECT_VERSION = 1;
				GENERATE_INFOPLIST_FILE = YES;
				IPHONEOS_DEPLOYMENT_TARGET = 18.2;
				MARKETING_VERSION = 1.0;
				PRODUCT_BUNDLE_IDENTIFIER = "MscICT.Question-5-10Tests";
				PRODUCT_NAME = "$(TARGET_NAME)";
				SWIFT_EMIT_LOC_STRINGS = NO;
				SWIFT_VERSION = 5.0;
				TARGETED_DEVICE_FAMILY = "1,2";
				TEST_HOST = "$(BUILT_PRODUCTS_DIR)/Question_5_10.app/$(BUNDLE_EXECUTABLE_FOLDER_PATH)/Question_5_10";
			};
			name = Debug;
		};
		01B9EDB32D89673400AA717B /* Release */ = {
			isa = XCBuildConfiguration;
			buildSettings = {
				BUNDLE_LOADER = "$(TEST_HOST)";
				CODE_SIGN_STYLE = Automatic;
				CURRENT_PROJECT_VERSION = 1;
				GENERATE_INFOPLIST_FILE = YES;
				IPHONEOS_DEPLOYMENT_TARGET = 18.2;
				MARKETING_VERSION = 1.0;
				PRODUCT_BUNDLE_IDENTIFIER = "MscICT.Question-5-10Tests";
				PRODUCT_NAME = "$(TARGET_NAME)";
				SWIFT_EMIT_LOC_STRINGS = NO;
				SWIFT_VERSION = 5.0;
				TARGETED_DEVICE_FAMILY = "1,2";
				TEST_HOST = "$(BUILT_PRODUCTS_DIR)/Question_5_10.app/$(BUNDLE_EXECUTABLE_FOLDER_PATH)/Question_5_10";
			};
			name = Release;
		};
		01B9EDB52D89673400AA717B /* Debug */ = {
			isa = XCBuildConfiguration;
			buildSettings = {
				CODE_SIGN_STYLE = Automatic;
				CURRENT_PROJECT_VERSION = 1;
				GENERATE_INFOPLIST_FILE = YES;
				MARKETING_VERSION = 1.0;
				PRODUCT_BUNDLE_IDENTIFIER = "MscICT.Question-5-10UITests";
				PRODUCT_NAME = "$(TARGET_NAME)";
				SWIFT_EMIT_LOC_STRINGS = NO;
				SWIFT_VERSION = 5.0;
				TARGETED_DEVICE_FAMILY = "1,2";
				TEST_TARGET_NAME = Question_5_10;
			};
			name = Debug;
		};
		01B9EDB62D89673400AA717B /* Release */ = {
			isa = XCBuildConfiguration;
			buildSettings = {
				CODE_SIGN_STYLE = Automatic;
				CURRENT_PROJECT_VERSION = 1;
				GENERATE_INFOPLIST_FILE = YES;
				MARKETING_VERSION = 1.0;
				PRODUCT_BUNDLE_IDENTIFIER = "MscICT.Question-5-10UITests";
				PRODUCT_NAME = "$(TARGET_NAME)";
				SWIFT_EMIT_LOC_STRINGS = NO;
				SWIFT_VERSION = 5.0;
				TARGETED_DEVICE_FAMILY = "1,2";
				TEST_TARGET_NAME = Question_5_10;
			};
			name = Release;
		};
/* End XCBuildConfiguration section */

/* Begin XCConfigurationList section */
		01B9ED7E2D89673300AA717B /* Build configuration list for PBXProject "Question_5_10" */ = {
			isa = XCConfigurationList;
			buildConfigurations = (
				01B9EDAF2D89673400AA717B /* Debug */,
				01B9EDB02D89673400AA717B /* Release */,
			);
			defaultConfigurationIsVisible = 0;
			defaultConfigurationName = Release;
		};
		01B9EDAC2D89673400AA717B /* Build configuration list for PBXNativeTarget "Question_5_10" */ = {
			isa = XCConfigurationList;
			buildConfigurations = (
				01B9EDAD2D89673400AA717B /* Debug */,
				01B9EDAE2D89673400AA717B /* Release */,
			);
			defaultConfigurationIsVisible = 0;
			defaultConfigurationName = Release;
		};
		01B9EDB12D89673400AA717B /* Build configuration list for PBXNativeTarget "Question_5_10Tests" */ = {
			isa = XCConfigurationList;
			buildConfigurations = (
				01B9EDB22D89673400AA717B /* Debug */,
				01B9EDB32D89673400AA717B /* Release */,
			);
			defaultConfigurationIsVisible = 0;
			defaultConfigurationName = Release;
		};
		01B9EDB42D89673400AA717B /* Build configuration list for PBXNativeTarget "Question_5_10UITests" */ = {
			isa = XCConfigurationList;
			buildConfigurations = (
				01B9EDB52D89673400AA717B /* Debug */,
				01B9EDB62D89673400AA717B /* Release */,
			);
			defaultConfigurationIsVisible = 0;
			defaultConfigurationName = Release;
		};
/* End XCConfigurationList section */
	};
	rootObject = 01B9ED7B2D89673300AA717B /* Project object */;
}
