
Microsoft Visual Studio Solution File, Format Version 12.00
# Visual Studio Version 17
VisualStudioVersion = 17.12.35527.113 d17.12
MinimumVisualStudioVersion = 10.0.40219.1
Project("{FAE04EC0-301F-11D3-BF4B-00C04F79EFBC}") = "ExternalAPI", "ExternalAPI.csproj", "{0A5E15C8-E0D4-4EC4-ABF6-6FD124106445}"
EndProject
Project("{FAE04EC0-301F-11D3-BF4B-00C04F79EFBC}") = "ExternalMVC", "..\ExternalMVC\ExternalMVC.csproj", "{C92F0CC1-9D3F-4DA3-AEC0-09A9A28A9A7C}"
EndProject
Global
	GlobalSection(SolutionConfigurationPlatforms) = preSolution
		Debug|Any CPU = Debug|Any CPU
		Release|Any CPU = Release|Any CPU
	EndGlobalSection
	GlobalSection(ProjectConfigurationPlatforms) = postSolution
		{0A5E15C8-E0D4-4EC4-ABF6-6FD124106445}.Debug|Any CPU.ActiveCfg = Debug|Any CPU
		{0A5E15C8-E0D4-4EC4-ABF6-6FD124106445}.Debug|Any CPU.Build.0 = Debug|Any CPU
		{0A5E15C8-E0D4-4EC4-ABF6-6FD124106445}.Release|Any CPU.ActiveCfg = Release|Any CPU
		{0A5E15C8-E0D4-4EC4-ABF6-6FD124106445}.Release|Any CPU.Build.0 = Release|Any CPU
		{C92F0CC1-9D3F-4DA3-AEC0-09A9A28A9A7C}.Debug|Any CPU.ActiveCfg = Debug|Any CPU
		{C92F0CC1-9D3F-4DA3-AEC0-09A9A28A9A7C}.Debug|Any CPU.Build.0 = Debug|Any CPU
		{C92F0CC1-9D3F-4DA3-AEC0-09A9A28A9A7C}.Release|Any CPU.ActiveCfg = Release|Any CPU
		{C92F0CC1-9D3F-4DA3-AEC0-09A9A28A9A7C}.Release|Any CPU.Build.0 = Release|Any CPU
	EndGlobalSection
	GlobalSection(SolutionProperties) = preSolution
		HideSolutionNode = FALSE
	EndGlobalSection
EndGlobal
