// !$*UTF8*$!
{
	archiveVersion = 1;
	classes = {
	};
	objectVersion = 77;
	objects = {

/* Begin PBXContainerItemProxy section */
		01019F132D93EC7A00CFF5E3 /* PBXContainerItemProxy */ = {
			isa = PBXContainerItemProxy;
			containerPortal = 01019EF42D93EC7900CFF5E3 /* Project object */;
			proxyType = 1;
			remoteGlobalIDString = 01019EFB2D93EC7900CFF5E3;
			remoteInfo = Auto_Layout;
		};
		01019F1D2D93EC7A00CFF5E3 /* PBXContainerItemProxy */ = {
			isa = PBXContainerItemProxy;
			containerPortal = 01019EF42D93EC7900CFF5E3 /* Project object */;
			proxyType = 1;
			remoteGlobalIDString = 01019EFB2D93EC7900CFF5E3;
			remoteInfo = Auto_Layout;
		};
/* End PBXContainerItemProxy section */

/* Begin PBXFileReference section */
		01019EFC2D93EC7900CFF5E3 /* Auto_Layout.app */ = {isa = PBXFileReference; explicitFileType = wrapper.application; includeInIndex = 0; path = Auto_Layout.app; sourceTree = BUILT_PRODUCTS_DIR; };
		01019F122D93EC7A00CFF5E3 /* Auto_LayoutTests.xctest */ = {isa = PBXFileReference; explicitFileType = wrapper.cfbundle; includeInIndex = 0; path = Auto_LayoutTests.xctest; sourceTree = BUILT_PRODUCTS_DIR; };
		01019F1C2D93EC7A00CFF5E3 /* Auto_LayoutUITests.xctest */ = {isa = PBXFileReference; explicitFileType = wrapper.cfbundle; includeInIndex = 0; path = Auto_LayoutUITests.xctest; sourceTree = BUILT_PRODUCTS_DIR; };
/* End PBXFileReference section */

/* Begin PBXFileSystemSynchronizedBuildFileExceptionSet section */
		01019F242D93EC7A00CFF5E3 /* Exceptions for "Auto_Layout" folder in "Auto_Layout" target */ = {
			isa = PBXFileSystemSynchronizedBuildFileExceptionSet;
			membershipExceptions = (
				Info.plist,
			);
			target = 01019EFB2D93EC7900CFF5E3 /* Auto_Layout */;
		};
/* End PBXFileSystemSynchronizedBuildFileExceptionSet section */

/* Begin PBXFileSystemSynchronizedRootGroup section */
		01019EFE2D93EC7900CFF5E3 /* Auto_Layout */ = {
			isa = PBXFileSystemSynchronizedRootGroup;
			exceptions = (
				01019F242D93EC7A00CFF5E3 /* Exceptions for "Auto_Layout" folder in "Auto_Layout" target */,
			);
			path = Auto_Layout;
			sourceTree = "<group>";
		};
		01019F152D93EC7A00CFF5E3 /* Auto_LayoutTests */ = {
			isa = PBXFileSystemSynchronizedRootGroup;
			path = Auto_LayoutTests;
			sourceTree = "<group>";
		};
		01019F1F2D93EC7A00CFF5E3 /* Auto_LayoutUITests */ = {
			isa = PBXFileSystemSynchronizedRootGroup;
			path = Auto_LayoutUITests;
			sourceTree = "<group>";
		};
/* End PBXFileSystemSynchronizedRootGroup section */

/* Begin PBXFrameworksBuildPhase section */
		01019EF92D93EC7900CFF5E3 /* Frameworks */ = {
			isa = PBXFrameworksBuildPhase;
			buildActionMask = 2147483647;
			files = (
			);
			runOnlyForDeploymentPostprocessing = 0;
		};
		01019F0F2D93EC7A00CFF5E3 /* Frameworks */ = {
			isa = PBXFrameworksBuildPhase;
			buildActionMask = 2147483647;
			files = (
			);
			runOnlyForDeploymentPostprocessing = 0;
		};
		01019F192D93EC7A00CFF5E3 /* Frameworks */ = {
			isa = PBXFrameworksBuildPhase;
			buildActionMask = 2147483647;
			files = (
			);
			runOnlyForDeploymentPostprocessing = 0;
		};
/* End PBXFrameworksBuildPhase section */

/* Begin PBXGroup section */
		01019EF32D93EC7900CFF5E3 = {
			isa = PBXGroup;
			children = (
				01019EFE2D93EC7900CFF5E3 /* Auto_Layout */,
				01019F152D93EC7A00CFF5E3 /* Auto_LayoutTests */,
				01019F1F2D93EC7A00CFF5E3 /* Auto_LayoutUITests */,
				01019EFD2D93EC7900CFF5E3 /* Products */,
			);
			sourceTree = "<group>";
		};
		01019EFD2D93EC7900CFF5E3 /* Products */ = {
			isa = PBXGroup;
			children = (
				01019EFC2D93EC7900CFF5E3 /* Auto_Layout.app */,
				01019F122D93EC7A00CFF5E3 /* Auto_LayoutTests.xctest */,
				01019F1C2D93EC7A00CFF5E3 /* Auto_LayoutUITests.xctest */,
			);
			name = Products;
			sourceTree = "<group>";
		};
/* End PBXGroup section */

/* Begin PBXNativeTarget section */
		01019EFB2D93EC7900CFF5E3 /* Auto_Layout */ = {
			isa = PBXNativeTarget;
			buildConfigurationList = 01019F252D93EC7A00CFF5E3 /* Build configuration list for PBXNativeTarget "Auto_Layout" */;
			buildPhases = (
				01019EF82D93EC7900CFF5E3 /* Sources */,
				01019EF92D93EC7900CFF5E3 /* Frameworks */,
				01019EFA2D93EC7900CFF5E3 /* Resources */,
			);
			buildRules = (
			);
			dependencies = (
			);
			fileSystemSynchronizedGroups = (
				01019EFE2D93EC7900CFF5E3 /* Auto_Layout */,
			);
			name = Auto_Layout;
			packageProductDependencies = (
			);
			productName = Auto_Layout;
			productReference = 01019EFC2D93EC7900CFF5E3 /* Auto_Layout.app */;
			productType = "com.apple.product-type.application";
		};
		01019F112D93EC7A00CFF5E3 /* Auto_LayoutTests */ = {
			isa = PBXNativeTarget;
			buildConfigurationList = 01019F2A2D93EC7A00CFF5E3 /* Build configuration list for PBXNativeTarget "Auto_LayoutTests" */;
			buildPhases = (
				01019F0E2D93EC7A00CFF5E3 /* Sources */,
				01019F0F2D93EC7A00CFF5E3 /* Frameworks */,
				01019F102D93EC7A00CFF5E3 /* Resources */,
			);
			buildRules = (
			);
			dependencies = (
				01019F142D93EC7A00CFF5E3 /* PBXTargetDependency */,
			);
			fileSystemSynchronizedGroups = (
				01019F152D93EC7A00CFF5E3 /* Auto_LayoutTests */,
			);
			name = Auto_LayoutTests;
			packageProductDependencies = (
			);
			productName = Auto_LayoutTests;
			productReference = 01019F122D93EC7A00CFF5E3 /* Auto_LayoutTests.xctest */;
			productType = "com.apple.product-type.bundle.unit-test";
		};
		01019F1B2D93EC7A00CFF5E3 /* Auto_LayoutUITests */ = {
			isa = PBXNativeTarget;
			buildConfigurationList = 01019F2D2D93EC7A00CFF5E3 /* Build configuration list for PBXNativeTarget "Auto_LayoutUITests" */;
			buildPhases = (
				01019F182D93EC7A00CFF5E3 /* Sources */,
				01019F192D93EC7A00CFF5E3 /* Frameworks */,
				01019F1A2D93EC7A00CFF5E3 /* Resources */,
			);
			buildRules = (
			);
			dependencies = (
				01019F1E2D93EC7A00CFF5E3 /* PBXTargetDependency */,
			);
			fileSystemSynchronizedGroups = (
				01019F1F2D93EC7A00CFF5E3 /* Auto_LayoutUITests */,
			);
			name = Auto_LayoutUITests;
			packageProductDependencies = (
			);
			productName = Auto_LayoutUITests;
			productReference = 01019F1C2D93EC7A00CFF5E3 /* Auto_LayoutUITests.xctest */;
			productType = "com.apple.product-type.bundle.ui-testing";
		};
/* End PBXNativeTarget section */

/* Begin PBXProject section */
		01019EF42D93EC7900CFF5E3 /* Project object */ = {
			isa = PBXProject;
			attributes = {
				BuildIndependentTargetsInParallel = 1;
				LastSwiftUpdateCheck = 1620;
				LastUpgradeCheck = 1620;
				TargetAttributes = {
					01019EFB2D93EC7900CFF5E3 = {
						CreatedOnToolsVersion = 16.2;
					};
					01019F112D93EC7A00CFF5E3 = {
						CreatedOnToolsVersion = 16.2;
						TestTargetID = 01019EFB2D93EC7900CFF5E3;
					};
					01019F1B2D93EC7A00CFF5E3 = {
						CreatedOnToolsVersion = 16.2;
						TestTargetID = 01019EFB2D93EC7900CFF5E3;
					};
				};
			};
			buildConfigurationList = 01019EF72D93EC7900CFF5E3 /* Build configuration list for PBXProject "Auto_Layout" */;
			developmentRegion = en;
			hasScannedForEncodings = 0;
			knownRegions = (
				en,
				Base,
			);
			mainGroup = 01019EF32D93EC7900CFF5E3;
			minimizedProjectReferenceProxies = 1;
			preferredProjectObjectVersion = 77;
			productRefGroup = 01019EFD2D93EC7900CFF5E3 /* Products */;
			projectDirPath = "";
			projectRoot = "";
			targets = (
				01019EFB2D93EC7900CFF5E3 /* Auto_Layout */,
				01019F112D93EC7A00CFF5E3 /* Auto_LayoutTests */,
				01019F1B2D93EC7A00CFF5E3 /* Auto_LayoutUITests */,
			);
		};
/* End PBXProject section */

/* Begin PBXResourcesBuildPhase section */
		01019EFA2D93EC7900CFF5E3 /* Resources */ = {
			isa = PBXResourcesBuildPhase;
			buildActionMask = 2147483647;
			files = (
			);
			runOnlyForDeploymentPostprocessing = 0;
		};
		01019F102D93EC7A00CFF5E3 /* Resources */ = {
			isa = PBXResourcesBuildPhase;
			buildActionMask = 2147483647;
			files = (
			);
			runOnlyForDeploymentPostprocessing = 0;
		};
		01019F1A2D93EC7A00CFF5E3 /* Resources */ = {
			isa = PBXResourcesBuildPhase;
			buildActionMask = 2147483647;
			files = (
			);
			runOnlyForDeploymentPostprocessing = 0;
		};
/* End PBXResourcesBuildPhase section */

/* Begin PBXSourcesBuildPhase section */
		01019EF82D93EC7900CFF5E3 /* Sources */ = {
			isa = PBXSourcesBuildPhase;
			buildActionMask = 2147483647;
			files = (
			);
			runOnlyForDeploymentPostprocessing = 0;
		};
		01019F0E2D93EC7A00CFF5E3 /* Sources */ = {
			isa = PBXSourcesBuildPhase;
			buildActionMask = 2147483647;
			files = (
			);
			runOnlyForDeploymentPostprocessing = 0;
		};
		01019F182D93EC7A00CFF5E3 /* Sources */ = {
			isa = PBXSourcesBuildPhase;
			buildActionMask = 2147483647;
			files = (
			);
			runOnlyForDeploymentPostprocessing = 0;
		};
/* End PBXSourcesBuildPhase section */

/* Begin PBXTargetDependency section */
		01019F142D93EC7A00CFF5E3 /* PBXTargetDependency */ = {
			isa = PBXTargetDependency;
			target = 01019EFB2D93EC7900CFF5E3 /* Auto_Layout */;
			targetProxy = 01019F132D93EC7A00CFF5E3 /* PBXContainerItemProxy */;
		};
		01019F1E2D93EC7A00CFF5E3 /* PBXTargetDependency */ = {
			isa = PBXTargetDependency;
			target = 01019EFB2D93EC7900CFF5E3 /* Auto_Layout */;
			targetProxy = 01019F1D2D93EC7A00CFF5E3 /* PBXContainerItemProxy */;
		};
/* End PBXTargetDependency section */

/* Begin XCBuildConfiguration section */
		01019F262D93EC7A00CFF5E3 /* Debug */ = {
			isa = XCBuildConfiguration;
			buildSettings = {
				ASSETCATALOG_COMPILER_APPICON_NAME = AppIcon;
				ASSETCATALOG_COMPILER_GLOBAL_ACCENT_COLOR_NAME = AccentColor;
				CODE_SIGN_STYLE = Automatic;
				CURRENT_PROJECT_VERSION = 1;
				GENERATE_INFOPLIST_FILE = YES;
				INFOPLIST_FILE = Auto_Layout/Info.plist;
				INFOPLIST_KEY_UIApplicationSupportsIndirectInputEvents = YES;
				INFOPLIST_KEY_UILaunchStoryboardName = LaunchScreen;
				INFOPLIST_KEY_UIMainStoryboardFile = Main;
				INFOPLIST_KEY_UISupportedInterfaceOrientations_iPad = "UIInterfaceOrientationPortrait UIInterfaceOrientationPortraitUpsideDown UIInterfaceOrientationLandscapeLeft UIInterfaceOrientationLandscapeRight";
				INFOPLIST_KEY_UISupportedInterfaceOrientations_iPhone = "UIInterfaceOrientationPortrait UIInterfaceOrientationLandscapeLeft UIInterfaceOrientationLandscapeRight";
				LD_RUNPATH_SEARCH_PATHS = (
					"$(inherited)",
					"@executable_path/Frameworks",
				);
				MARKETING_VERSION = 1.0;
				PRODUCT_BUNDLE_IDENTIFIER = "MscICT.Auto-Layout";
				PRODUCT_NAME = "$(TARGET_NAME)";
				SWIFT_EMIT_LOC_STRINGS = YES;
				SWIFT_VERSION = 5.0;
				TARGETED_DEVICE_FAMILY = "1,2";
			};
			name = Debug;
		};
		01019F272D93EC7A00CFF5E3 /* Release */ = {
			isa = XCBuildConfiguration;
			buildSettings = {
				ASSETCATALOG_COMPILER_APPICON_NAME = AppIcon;
				ASSETCATALOG_COMPILER_GLOBAL_ACCENT_COLOR_NAME = AccentColor;
				CODE_SIGN_STYLE = Automatic;
				CURRENT_PROJECT_VERSION = 1;
				GENERATE_INFOPLIST_FILE = YES;
				INFOPLIST_FILE = Auto_Layout/Info.plist;
				INFOPLIST_KEY_UIApplicationSupportsIndirectInputEvents = YES;
				INFOPLIST_KEY_UILaunchStoryboardName = LaunchScreen;
				INFOPLIST_KEY_UIMainStoryboardFile = Main;
				INFOPLIST_KEY_UISupportedInterfaceOrientations_iPad = "UIInterfaceOrientationPortrait UIInterfaceOrientationPortraitUpsideDown UIInterfaceOrientationLandscapeLeft UIInterfaceOrientationLandscapeRight";
				INFOPLIST_KEY_UISupportedInterfaceOrientations_iPhone = "UIInterfaceOrientationPortrait UIInterfaceOrientationLandscapeLeft UIInterfaceOrientationLandscapeRight";
				LD_RUNPATH_SEARCH_PATHS = (
					"$(inherited)",
					"@executable_path/Frameworks",
				);
				MARKETING_VERSION = 1.0;
				PRODUCT_BUNDLE_IDENTIFIER = "MscICT.Auto-Layout";
				PRODUCT_NAME = "$(TARGET_NAME)";
				SWIFT_EMIT_LOC_STRINGS = YES;
				SWIFT_VERSION = 5.0;
				TARGETED_DEVICE_FAMILY = "1,2";
			};
			name = Release;
		};
		01019F282D93EC7A00CFF5E3 /* Debug */ = {
			isa = XCBuildConfiguration;
			buildSettings = {
				ALWAYS_SEARCH_USER_PATHS = NO;
				ASSETCATALOG_COMPILER_GENERATE_SWIFT_ASSET_SYMBOL_EXTENSIONS = YES;
				CLANG_ANALYZER_NONNULL = YES;
				CLANG_ANALYZER_NUMBER_OBJECT_CONVERSION = YES_AGGRESSIVE;
				CLANG_CXX_LANGUAGE_STANDARD = "gnu++20";
				CLANG_ENABLE_MODULES = YES;
				CLANG_ENABLE_OBJC_ARC = YES;
				CLANG_ENABLE_OBJC_WEAK = YES;
				CLANG_WARN_BLOCK_CAPTURE_AUTORELEASING = YES;
				CLANG_WARN_BOOL_CONVERSION = YES;
				CLANG_WARN_COMMA = YES;
				CLANG_WARN_CONSTANT_CONVERSION = YES;
				CLANG_WARN_DEPRECATED_OBJC_IMPLEMENTATIONS = YES;
				CLANG_WARN_DIRECT_OBJC_ISA_USAGE = YES_ERROR;
				CLANG_WARN_DOCUMENTATION_COMMENTS = YES;
				CLANG_WARN_EMPTY_BODY = YES;
				CLANG_WARN_ENUM_CONVERSION = YES;
				CLANG_WARN_INFINITE_RECURSION = YES;
				CLANG_WARN_INT_CONVERSION = YES;
				CLANG_WARN_NON_LITERAL_NULL_CONVERSION = YES;
				CLANG_WARN_OBJC_IMPLICIT_RETAIN_SELF = YES;
				CLANG_WARN_OBJC_LITERAL_CONVERSION = YES;
				CLANG_WARN_OBJC_ROOT_CLASS = YES_ERROR;
				CLANG_WARN_QUOTED_INCLUDE_IN_FRAMEWORK_HEADER = YES;
				CLANG_WARN_RANGE_LOOP_ANALYSIS = YES;
				CLANG_WARN_STRICT_PROTOTYPES = YES;
				CLANG_WARN_SUSPICIOUS_MOVE = YES;
				CLANG_WARN_UNGUARDED_AVAILABILITY = YES_AGGRESSIVE;
				CLANG_WARN_UNREACHABLE_CODE = YES;
				CLANG_WARN__DUPLICATE_METHOD_MATCH = YES;
				COPY_PHASE_STRIP = NO;
				DEBUG_INFORMATION_FORMAT = dwarf;
				ENABLE_STRICT_OBJC_MSGSEND = YES;
				ENABLE_TESTABILITY = YES;
				ENABLE_USER_SCRIPT_SANDBOXING = YES;
				GCC_C_LANGUAGE_STANDARD = gnu17;
				GCC_DYNAMIC_NO_PIC = NO;
				GCC_NO_COMMON_BLOCKS = YES;
				GCC_OPTIMIZATION_LEVEL = 0;
				GCC_PREPROCESSOR_DEFINITIONS = (
					"DEBUG=1",
					"$(inherited)",
				);
				GCC_WARN_64_TO_32_BIT_CONVERSION = YES;
				GCC_WARN_ABOUT_RETURN_TYPE = YES_ERROR;
				GCC_WARN_UNDECLARED_SELECTOR = YES;
				GCC_WARN_UNINITIALIZED_AUTOS = YES_AGGRESSIVE;
				GCC_WARN_UNUSED_FUNCTION = YES;
				GCC_WARN_UNUSED_VARIABLE = YES;
				IPHONEOS_DEPLOYMENT_TARGET = 18.2;
				LOCALIZATION_PREFERS_STRING_CATALOGS = YES;
				MTL_ENABLE_DEBUG_INFO = INCLUDE_SOURCE;
				MTL_FAST_MATH = YES;
				ONLY_ACTIVE_ARCH = YES;
				SDKROOT = iphoneos;
				SWIFT_ACTIVE_COMPILATION_CONDITIONS = "DEBUG $(inherited)";
				SWIFT_OPTIMIZATION_LEVEL = "-Onone";
			};
			name = Debug;
		};
		01019F292D93EC7A00CFF5E3 /* Release */ = {
			isa = XCBuildConfiguration;
			buildSettings = {
				ALWAYS_SEARCH_USER_PATHS = NO;
				ASSETCATALOG_COMPILER_GENERATE_SWIFT_ASSET_SYMBOL_EXTENSIONS = YES;
				CLANG_ANALYZER_NONNULL = YES;
				CLANG_ANALYZER_NUMBER_OBJECT_CONVERSION = YES_AGGRESSIVE;
				CLANG_CXX_LANGUAGE_STANDARD = "gnu++20";
				CLANG_ENABLE_MODULES = YES;
				CLANG_ENABLE_OBJC_ARC = YES;
				CLANG_ENABLE_OBJC_WEAK = YES;
				CLANG_WARN_BLOCK_CAPTURE_AUTORELEASING = YES;
				CLANG_WARN_BOOL_CONVERSION = YES;
				CLANG_WARN_COMMA = YES;
				CLANG_WARN_CONSTANT_CONVERSION = YES;
				CLANG_WARN_DEPRECATED_OBJC_IMPLEMENTATIONS = YES;
				CLANG_WARN_DIRECT_OBJC_ISA_USAGE = YES_ERROR;
				CLANG_WARN_DOCUMENTATION_COMMENTS = YES;
				CLANG_WARN_EMPTY_BODY = YES;
				CLANG_WARN_ENUM_CONVERSION = YES;
				CLANG_WARN_INFINITE_RECURSION = YES;
				CLANG_WARN_INT_CONVERSION = YES;
				CLANG_WARN_NON_LITERAL_NULL_CONVERSION = YES;
				CLANG_WARN_OBJC_IMPLICIT_RETAIN_SELF = YES;
				CLANG_WARN_OBJC_LITERAL_CONVERSION = YES;
				CLANG_WARN_OBJC_ROOT_CLASS = YES_ERROR;
				CLANG_WARN_QUOTED_INCLUDE_IN_FRAMEWORK_HEADER = YES;
				CLANG_WARN_RANGE_LOOP_ANALYSIS = YES;
				CLANG_WARN_STRICT_PROTOTYPES = YES;
				CLANG_WARN_SUSPICIOUS_MOVE = YES;
				CLANG_WARN_UNGUARDED_AVAILABILITY = YES_AGGRESSIVE;
				CLANG_WARN_UNREACHABLE_CODE = YES;
				CLANG_WARN__DUPLICATE_METHOD_MATCH = YES;
				COPY_PHASE_STRIP = NO;
				DEBUG_INFORMATION_FORMAT = "dwarf-with-dsym";
				ENABLE_NS_ASSERTIONS = NO;
				ENABLE_STRICT_OBJC_MSGSEND = YES;
				ENABLE_USER_SCRIPT_SANDBOXING = YES;
				GCC_C_LANGUAGE_STANDARD = gnu17;
				GCC_NO_COMMON_BLOCKS = YES;
				GCC_WARN_64_TO_32_BIT_CONVERSION = YES;
				GCC_WARN_ABOUT_RETURN_TYPE = YES_ERROR;
				GCC_WARN_UNDECLARED_SELECTOR = YES;
				GCC_WARN_UNINITIALIZED_AUTOS = YES_AGGRESSIVE;
				GCC_WARN_UNUSED_FUNCTION = YES;
				GCC_WARN_UNUSED_VARIABLE = YES;
				IPHONEOS_DEPLOYMENT_TARGET = 18.2;
				LOCALIZATION_PREFERS_STRING_CATALOGS = YES;
				MTL_ENABLE_DEBUG_INFO = NO;
				MTL_FAST_MATH = YES;
				SDKROOT = iphoneos;
				SWIFT_COMPILATION_MODE = wholemodule;
				VALIDATE_PRODUCT = YES;
			};
			name = Release;
		};
		01019F2B2D93EC7A00CFF5E3 /* Debug */ = {
			isa = XCBuildConfiguration;
			buildSettings = {
				BUNDLE_LOADER = "$(TEST_HOST)";
				CODE_SIGN_STYLE = Automatic;
				CURRENT_PROJECT_VERSION = 1;
				GENERATE_INFOPLIST_FILE = YES;
				IPHONEOS_DEPLOYMENT_TARGET = 18.2;
				MARKETING_VERSION = 1.0;
				PRODUCT_BUNDLE_IDENTIFIER = "MscICT.Auto-LayoutTests";
				PRODUCT_NAME = "$(TARGET_NAME)";
				SWIFT_EMIT_LOC_STRINGS = NO;
				SWIFT_VERSION = 5.0;
				TARGETED_DEVICE_FAMILY = "1,2";
				TEST_HOST = "$(BUILT_PRODUCTS_DIR)/Auto_Layout.app/$(BUNDLE_EXECUTABLE_FOLDER_PATH)/Auto_Layout";
			};
			name = Debug;
		};
		01019F2C2D93EC7A00CFF5E3 /* Release */ = {
			isa = XCBuildConfiguration;
			buildSettings = {
				BUNDLE_LOADER = "$(TEST_HOST)";
				CODE_SIGN_STYLE = Automatic;
				CURRENT_PROJECT_VERSION = 1;
				GENERATE_INFOPLIST_FILE = YES;
				IPHONEOS_DEPLOYMENT_TARGET = 18.2;
				MARKETING_VERSION = 1.0;
				PRODUCT_BUNDLE_IDENTIFIER = "MscICT.Auto-LayoutTests";
				PRODUCT_NAME = "$(TARGET_NAME)";
				SWIFT_EMIT_LOC_STRINGS = NO;
				SWIFT_VERSION = 5.0;
				TARGETED_DEVICE_FAMILY = "1,2";
				TEST_HOST = "$(BUILT_PRODUCTS_DIR)/Auto_Layout.app/$(BUNDLE_EXECUTABLE_FOLDER_PATH)/Auto_Layout";
			};
			name = Release;
		};
		01019F2E2D93EC7A00CFF5E3 /* Debug */ = {
			isa = XCBuildConfiguration;
			buildSettings = {
				CODE_SIGN_STYLE = Automatic;
				CURRENT_PROJECT_VERSION = 1;
				GENERATE_INFOPLIST_FILE = YES;
				MARKETING_VERSION = 1.0;
				PRODUCT_BUNDLE_IDENTIFIER = "MscICT.Auto-LayoutUITests";
				PRODUCT_NAME = "$(TARGET_NAME)";
				SWIFT_EMIT_LOC_STRINGS = NO;
				SWIFT_VERSION = 5.0;
				TARGETED_DEVICE_FAMILY = "1,2";
				TEST_TARGET_NAME = Auto_Layout;
			};
			name = Debug;
		};
		01019F2F2D93EC7A00CFF5E3 /* Release */ = {
			isa = XCBuildConfiguration;
			buildSettings = {
				CODE_SIGN_STYLE = Automatic;
				CURRENT_PROJECT_VERSION = 1;
				GENERATE_INFOPLIST_FILE = YES;
				MARKETING_VERSION = 1.0;
				PRODUCT_BUNDLE_IDENTIFIER = "MscICT.Auto-LayoutUITests";
				PRODUCT_NAME = "$(TARGET_NAME)";
				SWIFT_EMIT_LOC_STRINGS = NO;
				SWIFT_VERSION = 5.0;
				TARGETED_DEVICE_FAMILY = "1,2";
				TEST_TARGET_NAME = Auto_Layout;
			};
			name = Release;
		};
/* End XCBuildConfiguration section */

/* Begin XCConfigurationList section */
		01019EF72D93EC7900CFF5E3 /* Build configuration list for PBXProject "Auto_Layout" */ = {
			isa = XCConfigurationList;
			buildConfigurations = (
				01019F282D93EC7A00CFF5E3 /* Debug */,
				01019F292D93EC7A00CFF5E3 /* Release */,
			);
			defaultConfigurationIsVisible = 0;
			defaultConfigurationName = Release;
		};
		01019F252D93EC7A00CFF5E3 /* Build configuration list for PBXNativeTarget "Auto_Layout" */ = {
			isa = XCConfigurationList;
			buildConfigurations = (
				01019F262D93EC7A00CFF5E3 /* Debug */,
				01019F272D93EC7A00CFF5E3 /* Release */,
			);
			defaultConfigurationIsVisible = 0;
			defaultConfigurationName = Release;
		};
		01019F2A2D93EC7A00CFF5E3 /* Build configuration list for PBXNativeTarget "Auto_LayoutTests" */ = {
			isa = XCConfigurationList;
			buildConfigurations = (
				01019F2B2D93EC7A00CFF5E3 /* Debug */,
				01019F2C2D93EC7A00CFF5E3 /* Release */,
			);
			defaultConfigurationIsVisible = 0;
			defaultConfigurationName = Release;
		};
		01019F2D2D93EC7A00CFF5E3 /* Build configuration list for PBXNativeTarget "Auto_LayoutUITests" */ = {
			isa = XCConfigurationList;
			buildConfigurations = (
				01019F2E2D93EC7A00CFF5E3 /* Debug */,
				01019F2F2D93EC7A00CFF5E3 /* Release */,
			);
			defaultConfigurationIsVisible = 0;
			defaultConfigurationName = Release;
		};
/* End XCConfigurationList section */
	};
	rootObject = 01019EF42D93EC7900CFF5E3 /* Project object */;
}
