// !$*UTF8*$!
{
	archiveVersion = 1;
	classes = {
	};
	objectVersion = 56;
	objects = {

/* Begin PBXBuildFile section */
		739432E42D4359E800336EC8 /* AppDelegate.swift in Sources */ = {isa = PBXBuildFile; fileRef = 739432E32D4359E800336EC8 /* AppDelegate.swift */; };
		739432E62D4359E800336EC8 /* SceneDelegate.swift in Sources */ = {isa = PBXBuildFile; fileRef = 739432E52D4359E800336EC8 /* SceneDelegate.swift */; };
		739432E82D4359E800336EC8 /* ViewController.swift in Sources */ = {isa = PBXBuildFile; fileRef = 739432E72D4359E800336EC8 /* ViewController.swift */; };
		739432EB2D4359E800336EC8 /* Main.storyboard in Resources */ = {isa = PBXBuildFile; fileRef = 739432E92D4359E800336EC8 /* Main.storyboard */; };
		739432EE2D4359E800336EC8 /* segue.xcdatamodeld in Sources */ = {isa = PBXBuildFile; fileRef = 739432EC2D4359E800336EC8 /* segue.xcdatamodeld */; };
		739432F02D4359F000336EC8 /* Assets.xcassets in Resources */ = {isa = PBXBuildFile; fileRef = 739432EF2D4359F000336EC8 /* Assets.xcassets */; };
		739432F32D4359F000336EC8 /* LaunchScreen.storyboard in Resources */ = {isa = PBXBuildFile; fileRef = 739432F12D4359F000336EC8 /* LaunchScreen.storyboard */; };
		739432FE2D4359F100336EC8 /* segueTests.swift in Sources */ = {isa = PBXBuildFile; fileRef = 739432FD2D4359F100336EC8 /* segueTests.swift */; };
		739433082D4359F100336EC8 /* segueUITests.swift in Sources */ = {isa = PBXBuildFile; fileRef = 739433072D4359F100336EC8 /* segueUITests.swift */; };
		7394330A2D4359F100336EC8 /* segueUITestsLaunchTests.swift in Sources */ = {isa = PBXBuildFile; fileRef = 739433092D4359F100336EC8 /* segueUITestsLaunchTests.swift */; };
		7394331B2D43604700336EC8 /* destination.swift in Sources */ = {isa = PBXBuildFile; fileRef = 7394331A2D43604700336EC8 /* destination.swift */; };
/* End PBXBuildFile section */

/* Begin PBXContainerItemProxy section */
		739432FA2D4359F100336EC8 /* PBXContainerItemProxy */ = {
			isa = PBXContainerItemProxy;
			containerPortal = 739432D82D4359E800336EC8 /* Project object */;
			proxyType = 1;
			remoteGlobalIDString = 739432DF2D4359E800336EC8;
			remoteInfo = segue;
		};
		739433042D4359F100336EC8 /* PBXContainerItemProxy */ = {
			isa = PBXContainerItemProxy;
			containerPortal = 739432D82D4359E800336EC8 /* Project object */;
			proxyType = 1;
			remoteGlobalIDString = 739432DF2D4359E800336EC8;
			remoteInfo = segue;
		};
/* End PBXContainerItemProxy section */

/* Begin PBXFileReference section */
		739432E02D4359E800336EC8 /* segue.app */ = {isa = PBXFileReference; explicitFileType = wrapper.application; includeInIndex = 0; path = segue.app; sourceTree = BUILT_PRODUCTS_DIR; };
		739432E32D4359E800336EC8 /* AppDelegate.swift */ = {isa = PBXFileReference; lastKnownFileType = sourcecode.swift; path = AppDelegate.swift; sourceTree = "<group>"; };
		739432E52D4359E800336EC8 /* SceneDelegate.swift */ = {isa = PBXFileReference; lastKnownFileType = sourcecode.swift; path = SceneDelegate.swift; sourceTree = "<group>"; };
		739432E72D4359E800336EC8 /* ViewController.swift */ = {isa = PBXFileReference; lastKnownFileType = sourcecode.swift; path = ViewController.swift; sourceTree = "<group>"; };
		739432EA2D4359E800336EC8 /* Base */ = {isa = PBXFileReference; lastKnownFileType = file.storyboard; name = Base; path = Base.lproj/Main.storyboard; sourceTree = "<group>"; };
		739432ED2D4359E800336EC8 /* segue.xcdatamodel */ = {isa = PBXFileReference; lastKnownFileType = wrapper.xcdatamodel; path = segue.xcdatamodel; sourceTree = "<group>"; };
		739432EF2D4359F000336EC8 /* Assets.xcassets */ = {isa = PBXFileReference; lastKnownFileType = folder.assetcatalog; path = Assets.xcassets; sourceTree = "<group>"; };
		739432F22D4359F000336EC8 /* Base */ = {isa = PBXFileReference; lastKnownFileType = file.storyboard; name = Base; path = Base.lproj/LaunchScreen.storyboard; sourceTree = "<group>"; };
		739432F42D4359F000336EC8 /* Info.plist */ = {isa = PBXFileReference; lastKnownFileType = text.plist.xml; path = Info.plist; sourceTree = "<group>"; };
		739432F92D4359F100336EC8 /* segueTests.xctest */ = {isa = PBXFileReference; explicitFileType = wrapper.cfbundle; includeInIndex = 0; path = segueTests.xctest; sourceTree = BUILT_PRODUCTS_DIR; };
		739432FD2D4359F100336EC8 /* segueTests.swift */ = {isa = PBXFileReference; lastKnownFileType = sourcecode.swift; path = segueTests.swift; sourceTree = "<group>"; };
		739433032D4359F100336EC8 /* segueUITests.xctest */ = {isa = PBXFileReference; explicitFileType = wrapper.cfbundle; includeInIndex = 0; path = segueUITests.xctest; sourceTree = BUILT_PRODUCTS_DIR; };
		739433072D4359F100336EC8 /* segueUITests.swift */ = {isa = PBXFileReference; lastKnownFileType = sourcecode.swift; path = segueUITests.swift; sourceTree = "<group>"; };
		739433092D4359F100336EC8 /* segueUITestsLaunchTests.swift */ = {isa = PBXFileReference; lastKnownFileType = sourcecode.swift; path = segueUITestsLaunchTests.swift; sourceTree = "<group>"; };
		7394331A2D43604700336EC8 /* destination.swift */ = {isa = PBXFileReference; lastKnownFileType = sourcecode.swift; path = destination.swift; sourceTree = "<group>"; };
/* End PBXFileReference section */

/* Begin PBXFrameworksBuildPhase section */
		739432DD2D4359E800336EC8 /* Frameworks */ = {
			isa = PBXFrameworksBuildPhase;
			buildActionMask = 2147483647;
			files = (
			);
			runOnlyForDeploymentPostprocessing = 0;
		};
		739432F62D4359F100336EC8 /* Frameworks */ = {
			isa = PBXFrameworksBuildPhase;
			buildActionMask = 2147483647;
			files = (
			);
			runOnlyForDeploymentPostprocessing = 0;
		};
		739433002D4359F100336EC8 /* Frameworks */ = {
			isa = PBXFrameworksBuildPhase;
			buildActionMask = 2147483647;
			files = (
			);
			runOnlyForDeploymentPostprocessing = 0;
		};
/* End PBXFrameworksBuildPhase section */

/* Begin PBXGroup section */
		739432D72D4359E800336EC8 = {
			isa = PBXGroup;
			children = (
				7394331A2D43604700336EC8 /* destination.swift */,
				739432E22D4359E800336EC8 /* segue */,
				739432FC2D4359F100336EC8 /* segueTests */,
				739433062D4359F100336EC8 /* segueUITests */,
				739432E12D4359E800336EC8 /* Products */,
			);
			sourceTree = "<group>";
		};
		739432E12D4359E800336EC8 /* Products */ = {
			isa = PBXGroup;
			children = (
				739432E02D4359E800336EC8 /* segue.app */,
				739432F92D4359F100336EC8 /* segueTests.xctest */,
				739433032D4359F100336EC8 /* segueUITests.xctest */,
			);
			name = Products;
			sourceTree = "<group>";
		};
		739432E22D4359E800336EC8 /* segue */ = {
			isa = PBXGroup;
			children = (
				739432E32D4359E800336EC8 /* AppDelegate.swift */,
				739432E52D4359E800336EC8 /* SceneDelegate.swift */,
				739432E72D4359E800336EC8 /* ViewController.swift */,
				739432E92D4359E800336EC8 /* Main.storyboard */,
				739432EF2D4359F000336EC8 /* Assets.xcassets */,
				739432F12D4359F000336EC8 /* LaunchScreen.storyboard */,
				739432F42D4359F000336EC8 /* Info.plist */,
				739432EC2D4359E800336EC8 /* segue.xcdatamodeld */,
			);
			path = segue;
			sourceTree = "<group>";
		};
		739432FC2D4359F100336EC8 /* segueTests */ = {
			isa = PBXGroup;
			children = (
				739432FD2D4359F100336EC8 /* segueTests.swift */,
			);
			path = segueTests;
			sourceTree = "<group>";
		};
		739433062D4359F100336EC8 /* segueUITests */ = {
			isa = PBXGroup;
			children = (
				739433072D4359F100336EC8 /* segueUITests.swift */,
				739433092D4359F100336EC8 /* segueUITestsLaunchTests.swift */,
			);
			path = segueUITests;
			sourceTree = "<group>";
		};
/* End PBXGroup section */

/* Begin PBXNativeTarget section */
		739432DF2D4359E800336EC8 /* segue */ = {
			isa = PBXNativeTarget;
			buildConfigurationList = 7394330D2D4359F100336EC8 /* Build configuration list for PBXNativeTarget "segue" */;
			buildPhases = (
				739432DC2D4359E800336EC8 /* Sources */,
				739432DD2D4359E800336EC8 /* Frameworks */,
				739432DE2D4359E800336EC8 /* Resources */,
			);
			buildRules = (
			);
			dependencies = (
			);
			name = segue;
			productName = segue;
			productReference = 739432E02D4359E800336EC8 /* segue.app */;
			productType = "com.apple.product-type.application";
		};
		739432F82D4359F100336EC8 /* segueTests */ = {
			isa = PBXNativeTarget;
			buildConfigurationList = 739433102D4359F100336EC8 /* Build configuration list for PBXNativeTarget "segueTests" */;
			buildPhases = (
				739432F52D4359F100336EC8 /* Sources */,
				739432F62D4359F100336EC8 /* Frameworks */,
				739432F72D4359F100336EC8 /* Resources */,
			);
			buildRules = (
			);
			dependencies = (
				739432FB2D4359F100336EC8 /* PBXTargetDependency */,
			);
			name = segueTests;
			productName = segueTests;
			productReference = 739432F92D4359F100336EC8 /* segueTests.xctest */;
			productType = "com.apple.product-type.bundle.unit-test";
		};
		739433022D4359F100336EC8 /* segueUITests */ = {
			isa = PBXNativeTarget;
			buildConfigurationList = 739433132D4359F100336EC8 /* Build configuration list for PBXNativeTarget "segueUITests" */;
			buildPhases = (
				739432FF2D4359F100336EC8 /* Sources */,
				739433002D4359F100336EC8 /* Frameworks */,
				739433012D4359F100336EC8 /* Resources */,
			);
			buildRules = (
			);
			dependencies = (
				739433052D4359F100336EC8 /* PBXTargetDependency */,
			);
			name = segueUITests;
			productName = segueUITests;
			productReference = 739433032D4359F100336EC8 /* segueUITests.xctest */;
			productType = "com.apple.product-type.bundle.ui-testing";
		};
/* End PBXNativeTarget section */

/* Begin PBXProject section */
		739432D82D4359E800336EC8 /* Project object */ = {
			isa = PBXProject;
			attributes = {
				BuildIndependentTargetsInParallel = 1;
				LastSwiftUpdateCheck = 1410;
				LastUpgradeCheck = 1410;
				TargetAttributes = {
					739432DF2D4359E800336EC8 = {
						CreatedOnToolsVersion = 14.1;
					};
					739432F82D4359F100336EC8 = {
						CreatedOnToolsVersion = 14.1;
						TestTargetID = 739432DF2D4359E800336EC8;
					};
					739433022D4359F100336EC8 = {
						CreatedOnToolsVersion = 14.1;
						TestTargetID = 739432DF2D4359E800336EC8;
					};
				};
			};
			buildConfigurationList = 739432DB2D4359E800336EC8 /* Build configuration list for PBXProject "segue" */;
			compatibilityVersion = "Xcode 14.0";
			developmentRegion = en;
			hasScannedForEncodings = 0;
			knownRegions = (
				en,
				Base,
			);
			mainGroup = 739432D72D4359E800336EC8;
			productRefGroup = 739432E12D4359E800336EC8 /* Products */;
			projectDirPath = "";
			projectRoot = "";
			targets = (
				739432DF2D4359E800336EC8 /* segue */,
				739432F82D4359F100336EC8 /* segueTests */,
				739433022D4359F100336EC8 /* segueUITests */,
			);
		};
/* End PBXProject section */

/* Begin PBXResourcesBuildPhase section */
		739432DE2D4359E800336EC8 /* Resources */ = {
			isa = PBXResourcesBuildPhase;
			buildActionMask = 2147483647;
			files = (
				739432F32D4359F000336EC8 /* LaunchScreen.storyboard in Resources */,
				739432F02D4359F000336EC8 /* Assets.xcassets in Resources */,
				739432EB2D4359E800336EC8 /* Main.storyboard in Resources */,
			);
			runOnlyForDeploymentPostprocessing = 0;
		};
		739432F72D4359F100336EC8 /* Resources */ = {
			isa = PBXResourcesBuildPhase;
			buildActionMask = 2147483647;
			files = (
			);
			runOnlyForDeploymentPostprocessing = 0;
		};
		739433012D4359F100336EC8 /* Resources */ = {
			isa = PBXResourcesBuildPhase;
			buildActionMask = 2147483647;
			files = (
			);
			runOnlyForDeploymentPostprocessing = 0;
		};
/* End PBXResourcesBuildPhase section */

/* Begin PBXSourcesBuildPhase section */
		739432DC2D4359E800336EC8 /* Sources */ = {
			isa = PBXSourcesBuildPhase;
			buildActionMask = 2147483647;
			files = (
				739432E82D4359E800336EC8 /* ViewController.swift in Sources */,
				739432E42D4359E800336EC8 /* AppDelegate.swift in Sources */,
				7394331B2D43604700336EC8 /* destination.swift in Sources */,
				739432E62D4359E800336EC8 /* SceneDelegate.swift in Sources */,
				739432EE2D4359E800336EC8 /* segue.xcdatamodeld in Sources */,
			);
			runOnlyForDeploymentPostprocessing = 0;
		};
		739432F52D4359F100336EC8 /* Sources */ = {
			isa = PBXSourcesBuildPhase;
			buildActionMask = 2147483647;
			files = (
				739432FE2D4359F100336EC8 /* segueTests.swift in Sources */,
			);
			runOnlyForDeploymentPostprocessing = 0;
		};
		739432FF2D4359F100336EC8 /* Sources */ = {
			isa = PBXSourcesBuildPhase;
			buildActionMask = 2147483647;
			files = (
				7394330A2D4359F100336EC8 /* segueUITestsLaunchTests.swift in Sources */,
				739433082D4359F100336EC8 /* segueUITests.swift in Sources */,
			);
			runOnlyForDeploymentPostprocessing = 0;
		};
/* End PBXSourcesBuildPhase section */

/* Begin PBXTargetDependency section */
		739432FB2D4359F100336EC8 /* PBXTargetDependency */ = {
			isa = PBXTargetDependency;
			target = 739432DF2D4359E800336EC8 /* segue */;
			targetProxy = 739432FA2D4359F100336EC8 /* PBXContainerItemProxy */;
		};
		739433052D4359F100336EC8 /* PBXTargetDependency */ = {
			isa = PBXTargetDependency;
			target = 739432DF2D4359E800336EC8 /* segue */;
			targetProxy = 739433042D4359F100336EC8 /* PBXContainerItemProxy */;
		};
/* End PBXTargetDependency section */

/* Begin PBXVariantGroup section */
		739432E92D4359E800336EC8 /* Main.storyboard */ = {
			isa = PBXVariantGroup;
			children = (
				739432EA2D4359E800336EC8 /* Base */,
			);
			name = Main.storyboard;
			sourceTree = "<group>";
		};
		739432F12D4359F000336EC8 /* LaunchScreen.storyboard */ = {
			isa = PBXVariantGroup;
			children = (
				739432F22D4359F000336EC8 /* Base */,
			);
			name = LaunchScreen.storyboard;
			sourceTree = "<group>";
		};
/* End PBXVariantGroup section */

/* Begin XCBuildConfiguration section */
		7394330B2D4359F100336EC8 /* Debug */ = {
			isa = XCBuildConfiguration;
			buildSettings = {
				ALWAYS_SEARCH_USER_PATHS = NO;
				CLANG_ANALYZER_NONNULL = YES;
				CLANG_ANALYZER_NUMBER_OBJECT_CONVERSION = YES_AGGRESSIVE;
				CLANG_CXX_LANGUAGE_STANDARD = "gnu++20";
				CLANG_ENABLE_MODULES = YES;
				CLANG_ENABLE_OBJC_ARC = YES;
				CLANG_ENABLE_OBJC_WEAK = YES;
				CLANG_WARN_BLOCK_CAPTURE_AUTORELEASING = YES;
				CLANG_WARN_BOOL_CONVERSION = YES;
				CLANG_WARN_COMMA = YES;
				CLANG_WARN_CONSTANT_CONVERSION = YES;
				CLANG_WARN_DEPRECATED_OBJC_IMPLEMENTATIONS = YES;
				CLANG_WARN_DIRECT_OBJC_ISA_USAGE = YES_ERROR;
				CLANG_WARN_DOCUMENTATION_COMMENTS = YES;
				CLANG_WARN_EMPTY_BODY = YES;
				CLANG_WARN_ENUM_CONVERSION = YES;
				CLANG_WARN_INFINITE_RECURSION = YES;
				CLANG_WARN_INT_CONVERSION = YES;
				CLANG_WARN_NON_LITERAL_NULL_CONVERSION = YES;
				CLANG_WARN_OBJC_IMPLICIT_RETAIN_SELF = YES;
				CLANG_WARN_OBJC_LITERAL_CONVERSION = YES;
				CLANG_WARN_OBJC_ROOT_CLASS = YES_ERROR;
				CLANG_WARN_QUOTED_INCLUDE_IN_FRAMEWORK_HEADER = YES;
				CLANG_WARN_RANGE_LOOP_ANALYSIS = YES;
				CLANG_WARN_STRICT_PROTOTYPES = YES;
				CLANG_WARN_SUSPICIOUS_MOVE = YES;
				CLANG_WARN_UNGUARDED_AVAILABILITY = YES_AGGRESSIVE;
				CLANG_WARN_UNREACHABLE_CODE = YES;
				CLANG_WARN__DUPLICATE_METHOD_MATCH = YES;
				COPY_PHASE_STRIP = NO;
				DEBUG_INFORMATION_FORMAT = dwarf;
				ENABLE_STRICT_OBJC_MSGSEND = YES;
				ENABLE_TESTABILITY = YES;
				GCC_C_LANGUAGE_STANDARD = gnu11;
				GCC_DYNAMIC_NO_PIC = NO;
				GCC_NO_COMMON_BLOCKS = YES;
				GCC_OPTIMIZATION_LEVEL = 0;
				GCC_PREPROCESSOR_DEFINITIONS = (
					"DEBUG=1",
					"$(inherited)",
				);
				GCC_WARN_64_TO_32_BIT_CONVERSION = YES;
				GCC_WARN_ABOUT_RETURN_TYPE = YES_ERROR;
				GCC_WARN_UNDECLARED_SELECTOR = YES;
				GCC_WARN_UNINITIALIZED_AUTOS = YES_AGGRESSIVE;
				GCC_WARN_UNUSED_FUNCTION = YES;
				GCC_WARN_UNUSED_VARIABLE = YES;
				IPHONEOS_DEPLOYMENT_TARGET = 16.1;
				MTL_ENABLE_DEBUG_INFO = INCLUDE_SOURCE;
				MTL_FAST_MATH = YES;
				ONLY_ACTIVE_ARCH = YES;
				SDKROOT = iphoneos;
				SWIFT_ACTIVE_COMPILATION_CONDITIONS = DEBUG;
				SWIFT_OPTIMIZATION_LEVEL = "-Onone";
			};
			name = Debug;
		};
		7394330C2D4359F100336EC8 /* Release */ = {
			isa = XCBuildConfiguration;
			buildSettings = {
				ALWAYS_SEARCH_USER_PATHS = NO;
				CLANG_ANALYZER_NONNULL = YES;
				CLANG_ANALYZER_NUMBER_OBJECT_CONVERSION = YES_AGGRESSIVE;
				CLANG_CXX_LANGUAGE_STANDARD = "gnu++20";
				CLANG_ENABLE_MODULES = YES;
				CLANG_ENABLE_OBJC_ARC = YES;
				CLANG_ENABLE_OBJC_WEAK = YES;
				CLANG_WARN_BLOCK_CAPTURE_AUTORELEASING = YES;
				CLANG_WARN_BOOL_CONVERSION = YES;
				CLANG_WARN_COMMA = YES;
				CLANG_WARN_CONSTANT_CONVERSION = YES;
				CLANG_WARN_DEPRECATED_OBJC_IMPLEMENTATIONS = YES;
				CLANG_WARN_DIRECT_OBJC_ISA_USAGE = YES_ERROR;
				CLANG_WARN_DOCUMENTATION_COMMENTS = YES;
				CLANG_WARN_EMPTY_BODY = YES;
				CLANG_WARN_ENUM_CONVERSION = YES;
				CLANG_WARN_INFINITE_RECURSION = YES;
				CLANG_WARN_INT_CONVERSION = YES;
				CLANG_WARN_NON_LITERAL_NULL_CONVERSION = YES;
				CLANG_WARN_OBJC_IMPLICIT_RETAIN_SELF = YES;
				CLANG_WARN_OBJC_LITERAL_CONVERSION = YES;
				CLANG_WARN_OBJC_ROOT_CLASS = YES_ERROR;
				CLANG_WARN_QUOTED_INCLUDE_IN_FRAMEWORK_HEADER = YES;
				CLANG_WARN_RANGE_LOOP_ANALYSIS = YES;
				CLANG_WARN_STRICT_PROTOTYPES = YES;
				CLANG_WARN_SUSPICIOUS_MOVE = YES;
				CLANG_WARN_UNGUARDED_AVAILABILITY = YES_AGGRESSIVE;
				CLANG_WARN_UNREACHABLE_CODE = YES;
				CLANG_WARN__DUPLICATE_METHOD_MATCH = YES;
				COPY_PHASE_STRIP = NO;
				DEBUG_INFORMATION_FORMAT = "dwarf-with-dsym";
				ENABLE_NS_ASSERTIONS = NO;
				ENABLE_STRICT_OBJC_MSGSEND = YES;
				GCC_C_LANGUAGE_STANDARD = gnu11;
				GCC_NO_COMMON_BLOCKS = YES;
				GCC_WARN_64_TO_32_BIT_CONVERSION = YES;
				GCC_WARN_ABOUT_RETURN_TYPE = YES_ERROR;
				GCC_WARN_UNDECLARED_SELECTOR = YES;
				GCC_WARN_UNINITIALIZED_AUTOS = YES_AGGRESSIVE;
				GCC_WARN_UNUSED_FUNCTION = YES;
				GCC_WARN_UNUSED_VARIABLE = YES;
				IPHONEOS_DEPLOYMENT_TARGET = 16.1;
				MTL_ENABLE_DEBUG_INFO = NO;
				MTL_FAST_MATH = YES;
				SDKROOT = iphoneos;
				SWIFT_COMPILATION_MODE = wholemodule;
				SWIFT_OPTIMIZATION_LEVEL = "-O";
				VALIDATE_PRODUCT = YES;
			};
			name = Release;
		};
		7394330E2D4359F100336EC8 /* Debug */ = {
			isa = XCBuildConfiguration;
			buildSettings = {
				ASSETCATALOG_COMPILER_APPICON_NAME = AppIcon;
				ASSETCATALOG_COMPILER_GLOBAL_ACCENT_COLOR_NAME = AccentColor;
				CODE_SIGN_STYLE = Automatic;
				CURRENT_PROJECT_VERSION = 1;
				GENERATE_INFOPLIST_FILE = YES;
				INFOPLIST_FILE = segue/Info.plist;
				INFOPLIST_KEY_UIApplicationSupportsIndirectInputEvents = YES;
				INFOPLIST_KEY_UILaunchStoryboardName = LaunchScreen;
				INFOPLIST_KEY_UIMainStoryboardFile = Main;
				INFOPLIST_KEY_UISupportedInterfaceOrientations_iPad = "UIInterfaceOrientationPortrait UIInterfaceOrientationPortraitUpsideDown UIInterfaceOrientationLandscapeLeft UIInterfaceOrientationLandscapeRight";
				INFOPLIST_KEY_UISupportedInterfaceOrientations_iPhone = "UIInterfaceOrientationPortrait UIInterfaceOrientationLandscapeLeft UIInterfaceOrientationLandscapeRight";
				LD_RUNPATH_SEARCH_PATHS = (
					"$(inherited)",
					"@executable_path/Frameworks",
				);
				MARKETING_VERSION = 1.0;
				PRODUCT_BUNDLE_IDENTIFIER = mscit.segue;
				PRODUCT_NAME = "$(TARGET_NAME)";
				SWIFT_EMIT_LOC_STRINGS = YES;
				SWIFT_VERSION = 5.0;
				TARGETED_DEVICE_FAMILY = "1,2";
			};
			name = Debug;
		};
		7394330F2D4359F100336EC8 /* Release */ = {
			isa = XCBuildConfiguration;
			buildSettings = {
				ASSETCATALOG_COMPILER_APPICON_NAME = AppIcon;
				ASSETCATALOG_COMPILER_GLOBAL_ACCENT_COLOR_NAME = AccentColor;
				CODE_SIGN_STYLE = Automatic;
				CURRENT_PROJECT_VERSION = 1;
				GENERATE_INFOPLIST_FILE = YES;
				INFOPLIST_FILE = segue/Info.plist;
				INFOPLIST_KEY_UIApplicationSupportsIndirectInputEvents = YES;
				INFOPLIST_KEY_UILaunchStoryboardName = LaunchScreen;
				INFOPLIST_KEY_UIMainStoryboardFile = Main;
				INFOPLIST_KEY_UISupportedInterfaceOrientations_iPad = "UIInterfaceOrientationPortrait UIInterfaceOrientationPortraitUpsideDown UIInterfaceOrientationLandscapeLeft UIInterfaceOrientationLandscapeRight";
				INFOPLIST_KEY_UISupportedInterfaceOrientations_iPhone = "UIInterfaceOrientationPortrait UIInterfaceOrientationLandscapeLeft UIInterfaceOrientationLandscapeRight";
				LD_RUNPATH_SEARCH_PATHS = (
					"$(inherited)",
					"@executable_path/Frameworks",
				);
				MARKETING_VERSION = 1.0;
				PRODUCT_BUNDLE_IDENTIFIER = mscit.segue;
				PRODUCT_NAME = "$(TARGET_NAME)";
				SWIFT_EMIT_LOC_STRINGS = YES;
				SWIFT_VERSION = 5.0;
				TARGETED_DEVICE_FAMILY = "1,2";
			};
			name = Release;
		};
		739433112D4359F100336EC8 /* Debug */ = {
			isa = XCBuildConfiguration;
			buildSettings = {
				ALWAYS_EMBED_SWIFT_STANDARD_LIBRARIES = YES;
				BUNDLE_LOADER = "$(TEST_HOST)";
				CODE_SIGN_STYLE = Automatic;
				CURRENT_PROJECT_VERSION = 1;
				GENERATE_INFOPLIST_FILE = YES;
				IPHONEOS_DEPLOYMENT_TARGET = 16.1;
				MARKETING_VERSION = 1.0;
				PRODUCT_BUNDLE_IDENTIFIER = mscit.segueTests;
				PRODUCT_NAME = "$(TARGET_NAME)";
				SWIFT_EMIT_LOC_STRINGS = NO;
				SWIFT_VERSION = 5.0;
				TARGETED_DEVICE_FAMILY = "1,2";
				TEST_HOST = "$(BUILT_PRODUCTS_DIR)/segue.app/$(BUNDLE_EXECUTABLE_FOLDER_PATH)/segue";
			};
			name = Debug;
		};
		739433122D4359F100336EC8 /* Release */ = {
			isa = XCBuildConfiguration;
			buildSettings = {
				ALWAYS_EMBED_SWIFT_STANDARD_LIBRARIES = YES;
				BUNDLE_LOADER = "$(TEST_HOST)";
				CODE_SIGN_STYLE = Automatic;
				CURRENT_PROJECT_VERSION = 1;
				GENERATE_INFOPLIST_FILE = YES;
				IPHONEOS_DEPLOYMENT_TARGET = 16.1;
				MARKETING_VERSION = 1.0;
				PRODUCT_BUNDLE_IDENTIFIER = mscit.segueTests;
				PRODUCT_NAME = "$(TARGET_NAME)";
				SWIFT_EMIT_LOC_STRINGS = NO;
				SWIFT_VERSION = 5.0;
				TARGETED_DEVICE_FAMILY = "1,2";
				TEST_HOST = "$(BUILT_PRODUCTS_DIR)/segue.app/$(BUNDLE_EXECUTABLE_FOLDER_PATH)/segue";
			};
			name = Release;
		};
		739433142D4359F100336EC8 /* Debug */ = {
			isa = XCBuildConfiguration;
			buildSettings = {
				ALWAYS_EMBED_SWIFT_STANDARD_LIBRARIES = YES;
				CODE_SIGN_STYLE = Automatic;
				CURRENT_PROJECT_VERSION = 1;
				GENERATE_INFOPLIST_FILE = YES;
				MARKETING_VERSION = 1.0;
				PRODUCT_BUNDLE_IDENTIFIER = mscit.segueUITests;
				PRODUCT_NAME = "$(TARGET_NAME)";
				SWIFT_EMIT_LOC_STRINGS = NO;
				SWIFT_VERSION = 5.0;
				TARGETED_DEVICE_FAMILY = "1,2";
				TEST_TARGET_NAME = segue;
			};
			name = Debug;
		};
		739433152D4359F100336EC8 /* Release */ = {
			isa = XCBuildConfiguration;
			buildSettings = {
				ALWAYS_EMBED_SWIFT_STANDARD_LIBRARIES = YES;
				CODE_SIGN_STYLE = Automatic;
				CURRENT_PROJECT_VERSION = 1;
				GENERATE_INFOPLIST_FILE = YES;
				MARKETING_VERSION = 1.0;
				PRODUCT_BUNDLE_IDENTIFIER = mscit.segueUITests;
				PRODUCT_NAME = "$(TARGET_NAME)";
				SWIFT_EMIT_LOC_STRINGS = NO;
				SWIFT_VERSION = 5.0;
				TARGETED_DEVICE_FAMILY = "1,2";
				TEST_TARGET_NAME = segue;
			};
			name = Release;
		};
/* End XCBuildConfiguration section */

/* Begin XCConfigurationList section */
		739432DB2D4359E800336EC8 /* Build configuration list for PBXProject "segue" */ = {
			isa = XCConfigurationList;
			buildConfigurations = (
				7394330B2D4359F100336EC8 /* Debug */,
				7394330C2D4359F100336EC8 /* Release */,
			);
			defaultConfigurationIsVisible = 0;
			defaultConfigurationName = Release;
		};
		7394330D2D4359F100336EC8 /* Build configuration list for PBXNativeTarget "segue" */ = {
			isa = XCConfigurationList;
			buildConfigurations = (
				7394330E2D4359F100336EC8 /* Debug */,
				7394330F2D4359F100336EC8 /* Release */,
			);
			defaultConfigurationIsVisible = 0;
			defaultConfigurationName = Release;
		};
		739433102D4359F100336EC8 /* Build configuration list for PBXNativeTarget "segueTests" */ = {
			isa = XCConfigurationList;
			buildConfigurations = (
				739433112D4359F100336EC8 /* Debug */,
				739433122D4359F100336EC8 /* Release */,
			);
			defaultConfigurationIsVisible = 0;
			defaultConfigurationName = Release;
		};
		739433132D4359F100336EC8 /* Build configuration list for PBXNativeTarget "segueUITests" */ = {
			isa = XCConfigurationList;
			buildConfigurations = (
				739433142D4359F100336EC8 /* Debug */,
				739433152D4359F100336EC8 /* Release */,
			);
			defaultConfigurationIsVisible = 0;
			defaultConfigurationName = Release;
		};
/* End XCConfigurationList section */

/* Begin XCVersionGroup section */
		739432EC2D4359E800336EC8 /* segue.xcdatamodeld */ = {
			isa = XCVersionGroup;
			children = (
				739432ED2D4359E800336EC8 /* segue.xcdatamodel */,
			);
			currentVersion = 739432ED2D4359E800336EC8 /* segue.xcdatamodel */;
			path = segue.xcdatamodeld;
			sourceTree = "<group>";
			versionGroupType = wrapper.xcdatamodel;
		};
/* End XCVersionGroup section */
	};
	rootObject = 739432D82D4359E800336EC8 /* Project object */;
}
