// !$*UTF8*$!
{
	archiveVersion = 1;
	classes = {
	};
	objectVersion = 77;
	objects = {

/* Begin PBXContainerItemProxy section */
		01AD3DBC2D8D2F1400E7C270 /* PBXContainerItemProxy */ = {
			isa = PBXContainerItemProxy;
			containerPortal = 01AD3D9D2D8D2F1300E7C270 /* Project object */;
			proxyType = 1;
			remoteGlobalIDString = 01AD3DA42D8D2F1300E7C270;
			remoteInfo = DynamicTableView;
		};
		01AD3DC62D8D2F1400E7C270 /* PBXContainerItemProxy */ = {
			isa = PBXContainerItemProxy;
			containerPortal = 01AD3D9D2D8D2F1300E7C270 /* Project object */;
			proxyType = 1;
			remoteGlobalIDString = 01AD3DA42D8D2F1300E7C270;
			remoteInfo = DynamicTableView;
		};
/* End PBXContainerItemProxy section */

/* Begin PBXFileReference section */
		01AD3DA52D8D2F1300E7C270 /* DynamicTableView.app */ = {isa = PBXFileReference; explicitFileType = wrapper.application; includeInIndex = 0; path = DynamicTableView.app; sourceTree = BUILT_PRODUCTS_DIR; };
		01AD3DBB2D8D2F1400E7C270 /* DynamicTableViewTests.xctest */ = {isa = PBXFileReference; explicitFileType = wrapper.cfbundle; includeInIndex = 0; path = DynamicTableViewTests.xctest; sourceTree = BUILT_PRODUCTS_DIR; };
		01AD3DC52D8D2F1400E7C270 /* DynamicTableViewUITests.xctest */ = {isa = PBXFileReference; explicitFileType = wrapper.cfbundle; includeInIndex = 0; path = DynamicTableViewUITests.xctest; sourceTree = BUILT_PRODUCTS_DIR; };
/* End PBXFileReference section */

/* Begin PBXFileSystemSynchronizedBuildFileExceptionSet section */
		01AD3DCD2D8D2F1400E7C270 /* Exceptions for "DynamicTableView" folder in "DynamicTableView" target */ = {
			isa = PBXFileSystemSynchronizedBuildFileExceptionSet;
			membershipExceptions = (
				Info.plist,
			);
			target = 01AD3DA42D8D2F1300E7C270 /* DynamicTableView */;
		};
/* End PBXFileSystemSynchronizedBuildFileExceptionSet section */

/* Begin PBXFileSystemSynchronizedRootGroup section */
		01AD3DA72D8D2F1300E7C270 /* DynamicTableView */ = {
			isa = PBXFileSystemSynchronizedRootGroup;
			exceptions = (
				01AD3DCD2D8D2F1400E7C270 /* Exceptions for "DynamicTableView" folder in "DynamicTableView" target */,
			);
			path = DynamicTableView;
			sourceTree = "<group>";
		};
		01AD3DBE2D8D2F1400E7C270 /* DynamicTableViewTests */ = {
			isa = PBXFileSystemSynchronizedRootGroup;
			path = DynamicTableViewTests;
			sourceTree = "<group>";
		};
		01AD3DC82D8D2F1400E7C270 /* DynamicTableViewUITests */ = {
			isa = PBXFileSystemSynchronizedRootGroup;
			path = DynamicTableViewUITests;
			sourceTree = "<group>";
		};
/* End PBXFileSystemSynchronizedRootGroup section */

/* Begin PBXFrameworksBuildPhase section */
		01AD3DA22D8D2F1300E7C270 /* Frameworks */ = {
			isa = PBXFrameworksBuildPhase;
			buildActionMask = 2147483647;
			files = (
			);
			runOnlyForDeploymentPostprocessing = 0;
		};
		01AD3DB82D8D2F1400E7C270 /* Frameworks */ = {
			isa = PBXFrameworksBuildPhase;
			buildActionMask = 2147483647;
			files = (
			);
			runOnlyForDeploymentPostprocessing = 0;
		};
		01AD3DC22D8D2F1400E7C270 /* Frameworks */ = {
			isa = PBXFrameworksBuildPhase;
			buildActionMask = 2147483647;
			files = (
			);
			runOnlyForDeploymentPostprocessing = 0;
		};
/* End PBXFrameworksBuildPhase section */

/* Begin PBXGroup section */
		01AD3D9C2D8D2F1300E7C270 = {
			isa = PBXGroup;
			children = (
				01AD3DA72D8D2F1300E7C270 /* DynamicTableView */,
				01AD3DBE2D8D2F1400E7C270 /* DynamicTableViewTests */,
				01AD3DC82D8D2F1400E7C270 /* DynamicTableViewUITests */,
				01AD3DA62D8D2F1300E7C270 /* Products */,
			);
			sourceTree = "<group>";
		};
		01AD3DA62D8D2F1300E7C270 /* Products */ = {
			isa = PBXGroup;
			children = (
				01AD3DA52D8D2F1300E7C270 /* DynamicTableView.app */,
				01AD3DBB2D8D2F1400E7C270 /* DynamicTableViewTests.xctest */,
				01AD3DC52D8D2F1400E7C270 /* DynamicTableViewUITests.xctest */,
			);
			name = Products;
			sourceTree = "<group>";
		};
/* End PBXGroup section */

/* Begin PBXNativeTarget section */
		01AD3DA42D8D2F1300E7C270 /* DynamicTableView */ = {
			isa = PBXNativeTarget;
			buildConfigurationList = 01AD3DCE2D8D2F1400E7C270 /* Build configuration list for PBXNativeTarget "DynamicTableView" */;
			buildPhases = (
				01AD3DA12D8D2F1300E7C270 /* Sources */,
				01AD3DA22D8D2F1300E7C270 /* Frameworks */,
				01AD3DA32D8D2F1300E7C270 /* Resources */,
			);
			buildRules = (
			);
			dependencies = (
			);
			fileSystemSynchronizedGroups = (
				01AD3DA72D8D2F1300E7C270 /* DynamicTableView */,
			);
			name = DynamicTableView;
			packageProductDependencies = (
			);
			productName = DynamicTableView;
			productReference = 01AD3DA52D8D2F1300E7C270 /* DynamicTableView.app */;
			productType = "com.apple.product-type.application";
		};
		01AD3DBA2D8D2F1400E7C270 /* DynamicTableViewTests */ = {
			isa = PBXNativeTarget;
			buildConfigurationList = 01AD3DD32D8D2F1400E7C270 /* Build configuration list for PBXNativeTarget "DynamicTableViewTests" */;
			buildPhases = (
				01AD3DB72D8D2F1400E7C270 /* Sources */,
				01AD3DB82D8D2F1400E7C270 /* Frameworks */,
				01AD3DB92D8D2F1400E7C270 /* Resources */,
			);
			buildRules = (
			);
			dependencies = (
				01AD3DBD2D8D2F1400E7C270 /* PBXTargetDependency */,
			);
			fileSystemSynchronizedGroups = (
				01AD3DBE2D8D2F1400E7C270 /* DynamicTableViewTests */,
			);
			name = DynamicTableViewTests;
			packageProductDependencies = (
			);
			productName = DynamicTableViewTests;
			productReference = 01AD3DBB2D8D2F1400E7C270 /* DynamicTableViewTests.xctest */;
			productType = "com.apple.product-type.bundle.unit-test";
		};
		01AD3DC42D8D2F1400E7C270 /* DynamicTableViewUITests */ = {
			isa = PBXNativeTarget;
			buildConfigurationList = 01AD3DD62D8D2F1400E7C270 /* Build configuration list for PBXNativeTarget "DynamicTableViewUITests" */;
			buildPhases = (
				01AD3DC12D8D2F1400E7C270 /* Sources */,
				01AD3DC22D8D2F1400E7C270 /* Frameworks */,
				01AD3DC32D8D2F1400E7C270 /* Resources */,
			);
			buildRules = (
			);
			dependencies = (
				01AD3DC72D8D2F1400E7C270 /* PBXTargetDependency */,
			);
			fileSystemSynchronizedGroups = (
				01AD3DC82D8D2F1400E7C270 /* DynamicTableViewUITests */,
			);
			name = DynamicTableViewUITests;
			packageProductDependencies = (
			);
			productName = DynamicTableViewUITests;
			productReference = 01AD3DC52D8D2F1400E7C270 /* DynamicTableViewUITests.xctest */;
			productType = "com.apple.product-type.bundle.ui-testing";
		};
/* End PBXNativeTarget section */

/* Begin PBXProject section */
		01AD3D9D2D8D2F1300E7C270 /* Project object */ = {
			isa = PBXProject;
			attributes = {
				BuildIndependentTargetsInParallel = 1;
				LastSwiftUpdateCheck = 1620;
				LastUpgradeCheck = 1620;
				TargetAttributes = {
					01AD3DA42D8D2F1300E7C270 = {
						CreatedOnToolsVersion = 16.2;
					};
					01AD3DBA2D8D2F1400E7C270 = {
						CreatedOnToolsVersion = 16.2;
						TestTargetID = 01AD3DA42D8D2F1300E7C270;
					};
					01AD3DC42D8D2F1400E7C270 = {
						CreatedOnToolsVersion = 16.2;
						TestTargetID = 01AD3DA42D8D2F1300E7C270;
					};
				};
			};
			buildConfigurationList = 01AD3DA02D8D2F1300E7C270 /* Build configuration list for PBXProject "DynamicTableView" */;
			developmentRegion = en;
			hasScannedForEncodings = 0;
			knownRegions = (
				en,
				Base,
			);
			mainGroup = 01AD3D9C2D8D2F1300E7C270;
			minimizedProjectReferenceProxies = 1;
			preferredProjectObjectVersion = 77;
			productRefGroup = 01AD3DA62D8D2F1300E7C270 /* Products */;
			projectDirPath = "";
			projectRoot = "";
			targets = (
				01AD3DA42D8D2F1300E7C270 /* DynamicTableView */,
				01AD3DBA2D8D2F1400E7C270 /* DynamicTableViewTests */,
				01AD3DC42D8D2F1400E7C270 /* DynamicTableViewUITests */,
			);
		};
/* End PBXProject section */

/* Begin PBXResourcesBuildPhase section */
		01AD3DA32D8D2F1300E7C270 /* Resources */ = {
			isa = PBXResourcesBuildPhase;
			buildActionMask = 2147483647;
			files = (
			);
			runOnlyForDeploymentPostprocessing = 0;
		};
		01AD3DB92D8D2F1400E7C270 /* Resources */ = {
			isa = PBXResourcesBuildPhase;
			buildActionMask = 2147483647;
			files = (
			);
			runOnlyForDeploymentPostprocessing = 0;
		};
		01AD3DC32D8D2F1400E7C270 /* Resources */ = {
			isa = PBXResourcesBuildPhase;
			buildActionMask = 2147483647;
			files = (
			);
			runOnlyForDeploymentPostprocessing = 0;
		};
/* End PBXResourcesBuildPhase section */

/* Begin PBXSourcesBuildPhase section */
		01AD3DA12D8D2F1300E7C270 /* Sources */ = {
			isa = PBXSourcesBuildPhase;
			buildActionMask = 2147483647;
			files = (
			);
			runOnlyForDeploymentPostprocessing = 0;
		};
		01AD3DB72D8D2F1400E7C270 /* Sources */ = {
			isa = PBXSourcesBuildPhase;
			buildActionMask = 2147483647;
			files = (
			);
			runOnlyForDeploymentPostprocessing = 0;
		};
		01AD3DC12D8D2F1400E7C270 /* Sources */ = {
			isa = PBXSourcesBuildPhase;
			buildActionMask = 2147483647;
			files = (
			);
			runOnlyForDeploymentPostprocessing = 0;
		};
/* End PBXSourcesBuildPhase section */

/* Begin PBXTargetDependency section */
		01AD3DBD2D8D2F1400E7C270 /* PBXTargetDependency */ = {
			isa = PBXTargetDependency;
			target = 01AD3DA42D8D2F1300E7C270 /* DynamicTableView */;
			targetProxy = 01AD3DBC2D8D2F1400E7C270 /* PBXContainerItemProxy */;
		};
		01AD3DC72D8D2F1400E7C270 /* PBXTargetDependency */ = {
			isa = PBXTargetDependency;
			target = 01AD3DA42D8D2F1300E7C270 /* DynamicTableView */;
			targetProxy = 01AD3DC62D8D2F1400E7C270 /* PBXContainerItemProxy */;
		};
/* End PBXTargetDependency section */

/* Begin XCBuildConfiguration section */
		01AD3DCF2D8D2F1400E7C270 /* Debug */ = {
			isa = XCBuildConfiguration;
			buildSettings = {
				ASSETCATALOG_COMPILER_APPICON_NAME = AppIcon;
				ASSETCATALOG_COMPILER_GLOBAL_ACCENT_COLOR_NAME = AccentColor;
				CODE_SIGN_STYLE = Automatic;
				CURRENT_PROJECT_VERSION = 1;
				GENERATE_INFOPLIST_FILE = YES;
				INFOPLIST_FILE = DynamicTableView/Info.plist;
				INFOPLIST_KEY_UIApplicationSupportsIndirectInputEvents = YES;
				INFOPLIST_KEY_UILaunchStoryboardName = LaunchScreen;
				INFOPLIST_KEY_UIMainStoryboardFile = Main;
				INFOPLIST_KEY_UISupportedInterfaceOrientations_iPad = "UIInterfaceOrientationPortrait UIInterfaceOrientationPortraitUpsideDown UIInterfaceOrientationLandscapeLeft UIInterfaceOrientationLandscapeRight";
				INFOPLIST_KEY_UISupportedInterfaceOrientations_iPhone = "UIInterfaceOrientationPortrait UIInterfaceOrientationLandscapeLeft UIInterfaceOrientationLandscapeRight";
				LD_RUNPATH_SEARCH_PATHS = (
					"$(inherited)",
					"@executable_path/Frameworks",
				);
				MARKETING_VERSION = 1.0;
				PRODUCT_BUNDLE_IDENTIFIER = MscICT.DynamicTableView;
				PRODUCT_NAME = "$(TARGET_NAME)";
				SWIFT_EMIT_LOC_STRINGS = YES;
				SWIFT_VERSION = 5.0;
				TARGETED_DEVICE_FAMILY = "1,2";
			};
			name = Debug;
		};
		01AD3DD02D8D2F1400E7C270 /* Release */ = {
			isa = XCBuildConfiguration;
			buildSettings = {
				ASSETCATALOG_COMPILER_APPICON_NAME = AppIcon;
				ASSETCATALOG_COMPILER_GLOBAL_ACCENT_COLOR_NAME = AccentColor;
				CODE_SIGN_STYLE = Automatic;
				CURRENT_PROJECT_VERSION = 1;
				GENERATE_INFOPLIST_FILE = YES;
				INFOPLIST_FILE = DynamicTableView/Info.plist;
				INFOPLIST_KEY_UIApplicationSupportsIndirectInputEvents = YES;
				INFOPLIST_KEY_UILaunchStoryboardName = LaunchScreen;
				INFOPLIST_KEY_UIMainStoryboardFile = Main;
				INFOPLIST_KEY_UISupportedInterfaceOrientations_iPad = "UIInterfaceOrientationPortrait UIInterfaceOrientationPortraitUpsideDown UIInterfaceOrientationLandscapeLeft UIInterfaceOrientationLandscapeRight";
				INFOPLIST_KEY_UISupportedInterfaceOrientations_iPhone = "UIInterfaceOrientationPortrait UIInterfaceOrientationLandscapeLeft UIInterfaceOrientationLandscapeRight";
				LD_RUNPATH_SEARCH_PATHS = (
					"$(inherited)",
					"@executable_path/Frameworks",
				);
				MARKETING_VERSION = 1.0;
				PRODUCT_BUNDLE_IDENTIFIER = MscICT.DynamicTableView;
				PRODUCT_NAME = "$(TARGET_NAME)";
				SWIFT_EMIT_LOC_STRINGS = YES;
				SWIFT_VERSION = 5.0;
				TARGETED_DEVICE_FAMILY = "1,2";
			};
			name = Release;
		};
		01AD3DD12D8D2F1400E7C270 /* Debug */ = {
			isa = XCBuildConfiguration;
			buildSettings = {
				ALWAYS_SEARCH_USER_PATHS = NO;
				ASSETCATALOG_COMPILER_GENERATE_SWIFT_ASSET_SYMBOL_EXTENSIONS = YES;
				CLANG_ANALYZER_NONNULL = YES;
				CLANG_ANALYZER_NUMBER_OBJECT_CONVERSION = YES_AGGRESSIVE;
				CLANG_CXX_LANGUAGE_STANDARD = "gnu++20";
				CLANG_ENABLE_MODULES = YES;
				CLANG_ENABLE_OBJC_ARC = YES;
				CLANG_ENABLE_OBJC_WEAK = YES;
				CLANG_WARN_BLOCK_CAPTURE_AUTORELEASING = YES;
				CLANG_WARN_BOOL_CONVERSION = YES;
				CLANG_WARN_COMMA = YES;
				CLANG_WARN_CONSTANT_CONVERSION = YES;
				CLANG_WARN_DEPRECATED_OBJC_IMPLEMENTATIONS = YES;
				CLANG_WARN_DIRECT_OBJC_ISA_USAGE = YES_ERROR;
				CLANG_WARN_DOCUMENTATION_COMMENTS = YES;
				CLANG_WARN_EMPTY_BODY = YES;
				CLANG_WARN_ENUM_CONVERSION = YES;
				CLANG_WARN_INFINITE_RECURSION = YES;
				CLANG_WARN_INT_CONVERSION = YES;
				CLANG_WARN_NON_LITERAL_NULL_CONVERSION = YES;
				CLANG_WARN_OBJC_IMPLICIT_RETAIN_SELF = YES;
				CLANG_WARN_OBJC_LITERAL_CONVERSION = YES;
				CLANG_WARN_OBJC_ROOT_CLASS = YES_ERROR;
				CLANG_WARN_QUOTED_INCLUDE_IN_FRAMEWORK_HEADER = YES;
				CLANG_WARN_RANGE_LOOP_ANALYSIS = YES;
				CLANG_WARN_STRICT_PROTOTYPES = YES;
				CLANG_WARN_SUSPICIOUS_MOVE = YES;
				CLANG_WARN_UNGUARDED_AVAILABILITY = YES_AGGRESSIVE;
				CLANG_WARN_UNREACHABLE_CODE = YES;
				CLANG_WARN__DUPLICATE_METHOD_MATCH = YES;
				COPY_PHASE_STRIP = NO;
				DEBUG_INFORMATION_FORMAT = dwarf;
				ENABLE_STRICT_OBJC_MSGSEND = YES;
				ENABLE_TESTABILITY = YES;
				ENABLE_USER_SCRIPT_SANDBOXING = YES;
				GCC_C_LANGUAGE_STANDARD = gnu17;
				GCC_DYNAMIC_NO_PIC = NO;
				GCC_NO_COMMON_BLOCKS = YES;
				GCC_OPTIMIZATION_LEVEL = 0;
				GCC_PREPROCESSOR_DEFINITIONS = (
					"DEBUG=1",
					"$(inherited)",
				);
				GCC_WARN_64_TO_32_BIT_CONVERSION = YES;
				GCC_WARN_ABOUT_RETURN_TYPE = YES_ERROR;
				GCC_WARN_UNDECLARED_SELECTOR = YES;
				GCC_WARN_UNINITIALIZED_AUTOS = YES_AGGRESSIVE;
				GCC_WARN_UNUSED_FUNCTION = YES;
				GCC_WARN_UNUSED_VARIABLE = YES;
				IPHONEOS_DEPLOYMENT_TARGET = 18.2;
				LOCALIZATION_PREFERS_STRING_CATALOGS = YES;
				MTL_ENABLE_DEBUG_INFO = INCLUDE_SOURCE;
				MTL_FAST_MATH = YES;
				ONLY_ACTIVE_ARCH = YES;
				SDKROOT = iphoneos;
				SWIFT_ACTIVE_COMPILATION_CONDITIONS = "DEBUG $(inherited)";
				SWIFT_OPTIMIZATION_LEVEL = "-Onone";
			};
			name = Debug;
		};
		01AD3DD22D8D2F1400E7C270 /* Release */ = {
			isa = XCBuildConfiguration;
			buildSettings = {
				ALWAYS_SEARCH_USER_PATHS = NO;
				ASSETCATALOG_COMPILER_GENERATE_SWIFT_ASSET_SYMBOL_EXTENSIONS = YES;
				CLANG_ANALYZER_NONNULL = YES;
				CLANG_ANALYZER_NUMBER_OBJECT_CONVERSION = YES_AGGRESSIVE;
				CLANG_CXX_LANGUAGE_STANDARD = "gnu++20";
				CLANG_ENABLE_MODULES = YES;
				CLANG_ENABLE_OBJC_ARC = YES;
				CLANG_ENABLE_OBJC_WEAK = YES;
				CLANG_WARN_BLOCK_CAPTURE_AUTORELEASING = YES;
				CLANG_WARN_BOOL_CONVERSION = YES;
				CLANG_WARN_COMMA = YES;
				CLANG_WARN_CONSTANT_CONVERSION = YES;
				CLANG_WARN_DEPRECATED_OBJC_IMPLEMENTATIONS = YES;
				CLANG_WARN_DIRECT_OBJC_ISA_USAGE = YES_ERROR;
				CLANG_WARN_DOCUMENTATION_COMMENTS = YES;
				CLANG_WARN_EMPTY_BODY = YES;
				CLANG_WARN_ENUM_CONVERSION = YES;
				CLANG_WARN_INFINITE_RECURSION = YES;
				CLANG_WARN_INT_CONVERSION = YES;
				CLANG_WARN_NON_LITERAL_NULL_CONVERSION = YES;
				CLANG_WARN_OBJC_IMPLICIT_RETAIN_SELF = YES;
				CLANG_WARN_OBJC_LITERAL_CONVERSION = YES;
				CLANG_WARN_OBJC_ROOT_CLASS = YES_ERROR;
				CLANG_WARN_QUOTED_INCLUDE_IN_FRAMEWORK_HEADER = YES;
				CLANG_WARN_RANGE_LOOP_ANALYSIS = YES;
				CLANG_WARN_STRICT_PROTOTYPES = YES;
				CLANG_WARN_SUSPICIOUS_MOVE = YES;
				CLANG_WARN_UNGUARDED_AVAILABILITY = YES_AGGRESSIVE;
				CLANG_WARN_UNREACHABLE_CODE = YES;
				CLANG_WARN__DUPLICATE_METHOD_MATCH = YES;
				COPY_PHASE_STRIP = NO;
				DEBUG_INFORMATION_FORMAT = "dwarf-with-dsym";
				ENABLE_NS_ASSERTIONS = NO;
				ENABLE_STRICT_OBJC_MSGSEND = YES;
				ENABLE_USER_SCRIPT_SANDBOXING = YES;
				GCC_C_LANGUAGE_STANDARD = gnu17;
				GCC_NO_COMMON_BLOCKS = YES;
				GCC_WARN_64_TO_32_BIT_CONVERSION = YES;
				GCC_WARN_ABOUT_RETURN_TYPE = YES_ERROR;
				GCC_WARN_UNDECLARED_SELECTOR = YES;
				GCC_WARN_UNINITIALIZED_AUTOS = YES_AGGRESSIVE;
				GCC_WARN_UNUSED_FUNCTION = YES;
				GCC_WARN_UNUSED_VARIABLE = YES;
				IPHONEOS_DEPLOYMENT_TARGET = 18.2;
				LOCALIZATION_PREFERS_STRING_CATALOGS = YES;
				MTL_ENABLE_DEBUG_INFO = NO;
				MTL_FAST_MATH = YES;
				SDKROOT = iphoneos;
				SWIFT_COMPILATION_MODE = wholemodule;
				VALIDATE_PRODUCT = YES;
			};
			name = Release;
		};
		01AD3DD42D8D2F1400E7C270 /* Debug */ = {
			isa = XCBuildConfiguration;
			buildSettings = {
				BUNDLE_LOADER = "$(TEST_HOST)";
				CODE_SIGN_STYLE = Automatic;
				CURRENT_PROJECT_VERSION = 1;
				GENERATE_INFOPLIST_FILE = YES;
				IPHONEOS_DEPLOYMENT_TARGET = 18.2;
				MARKETING_VERSION = 1.0;
				PRODUCT_BUNDLE_IDENTIFIER = MscICT.DynamicTableViewTests;
				PRODUCT_NAME = "$(TARGET_NAME)";
				SWIFT_EMIT_LOC_STRINGS = NO;
				SWIFT_VERSION = 5.0;
				TARGETED_DEVICE_FAMILY = "1,2";
				TEST_HOST = "$(BUILT_PRODUCTS_DIR)/DynamicTableView.app/$(BUNDLE_EXECUTABLE_FOLDER_PATH)/DynamicTableView";
			};
			name = Debug;
		};
		01AD3DD52D8D2F1400E7C270 /* Release */ = {
			isa = XCBuildConfiguration;
			buildSettings = {
				BUNDLE_LOADER = "$(TEST_HOST)";
				CODE_SIGN_STYLE = Automatic;
				CURRENT_PROJECT_VERSION = 1;
				GENERATE_INFOPLIST_FILE = YES;
				IPHONEOS_DEPLOYMENT_TARGET = 18.2;
				MARKETING_VERSION = 1.0;
				PRODUCT_BUNDLE_IDENTIFIER = MscICT.DynamicTableViewTests;
				PRODUCT_NAME = "$(TARGET_NAME)";
				SWIFT_EMIT_LOC_STRINGS = NO;
				SWIFT_VERSION = 5.0;
				TARGETED_DEVICE_FAMILY = "1,2";
				TEST_HOST = "$(BUILT_PRODUCTS_DIR)/DynamicTableView.app/$(BUNDLE_EXECUTABLE_FOLDER_PATH)/DynamicTableView";
			};
			name = Release;
		};
		01AD3DD72D8D2F1400E7C270 /* Debug */ = {
			isa = XCBuildConfiguration;
			buildSettings = {
				CODE_SIGN_STYLE = Automatic;
				CURRENT_PROJECT_VERSION = 1;
				GENERATE_INFOPLIST_FILE = YES;
				MARKETING_VERSION = 1.0;
				PRODUCT_BUNDLE_IDENTIFIER = MscICT.DynamicTableViewUITests;
				PRODUCT_NAME = "$(TARGET_NAME)";
				SWIFT_EMIT_LOC_STRINGS = NO;
				SWIFT_VERSION = 5.0;
				TARGETED_DEVICE_FAMILY = "1,2";
				TEST_TARGET_NAME = DynamicTableView;
			};
			name = Debug;
		};
		01AD3DD82D8D2F1400E7C270 /* Release */ = {
			isa = XCBuildConfiguration;
			buildSettings = {
				CODE_SIGN_STYLE = Automatic;
				CURRENT_PROJECT_VERSION = 1;
				GENERATE_INFOPLIST_FILE = YES;
				MARKETING_VERSION = 1.0;
				PRODUCT_BUNDLE_IDENTIFIER = MscICT.DynamicTableViewUITests;
				PRODUCT_NAME = "$(TARGET_NAME)";
				SWIFT_EMIT_LOC_STRINGS = NO;
				SWIFT_VERSION = 5.0;
				TARGETED_DEVICE_FAMILY = "1,2";
				TEST_TARGET_NAME = DynamicTableView;
			};
			name = Release;
		};
/* End XCBuildConfiguration section */

/* Begin XCConfigurationList section */
		01AD3DA02D8D2F1300E7C270 /* Build configuration list for PBXProject "DynamicTableView" */ = {
			isa = XCConfigurationList;
			buildConfigurations = (
				01AD3DD12D8D2F1400E7C270 /* Debug */,
				01AD3DD22D8D2F1400E7C270 /* Release */,
			);
			defaultConfigurationIsVisible = 0;
			defaultConfigurationName = Release;
		};
		01AD3DCE2D8D2F1400E7C270 /* Build configuration list for PBXNativeTarget "DynamicTableView" */ = {
			isa = XCConfigurationList;
			buildConfigurations = (
				01AD3DCF2D8D2F1400E7C270 /* Debug */,
				01AD3DD02D8D2F1400E7C270 /* Release */,
			);
			defaultConfigurationIsVisible = 0;
			defaultConfigurationName = Release;
		};
		01AD3DD32D8D2F1400E7C270 /* Build configuration list for PBXNativeTarget "DynamicTableViewTests" */ = {
			isa = XCConfigurationList;
			buildConfigurations = (
				01AD3DD42D8D2F1400E7C270 /* Debug */,
				01AD3DD52D8D2F1400E7C270 /* Release */,
			);
			defaultConfigurationIsVisible = 0;
			defaultConfigurationName = Release;
		};
		01AD3DD62D8D2F1400E7C270 /* Build configuration list for PBXNativeTarget "DynamicTableViewUITests" */ = {
			isa = XCConfigurationList;
			buildConfigurations = (
				01AD3DD72D8D2F1400E7C270 /* Debug */,
				01AD3DD82D8D2F1400E7C270 /* Release */,
			);
			defaultConfigurationIsVisible = 0;
			defaultConfigurationName = Release;
		};
/* End XCConfigurationList section */
	};
	rootObject = 01AD3D9D2D8D2F1300E7C270 /* Project object */;
}
